{
    "name": "@mcma/worker-invoker",
    "version": "0.16.3-beta12",
    "lockfileVersion": 3,
    "requires": true,
    "packages": {
        "": {
            "name": "@mcma/worker-invoker",
            "version": "0.16.3-beta12",
            "license": "Apache-2.0",
            "devDependencies": {
                "@mcma/core": "0.16.3-beta12",
                "@types/node": "^18.15.10"
            },
            "engines": {
                "node": "^18.0.0"
            },
            "peerDependencies": {
                "@mcma/core": "0.16.3-beta12"
            }
        },
        "node_modules/@mcma/core": {
            "version": "0.16.3-beta12",
            "resolved": "http://localhost:4873/@mcma%2fcore/-/core-0.16.3-beta12.tgz",
            "integrity": "sha512-lOABUk6V4gkx2/hI3fxjJ7/gk2KYWo8vDRv5Dmu0MX1w9h+s+t/i/0Gk0PBf6TBvDKSMk1jctD88oHB5ZaLKfA==",
            "dev": true,
            "license": "Apache-2.0",
            "dependencies": {
                "uuid": "^9.0.0"
            },
            "engines": {
                "node": "^18.0.0"
            }
        },
        "node_modules/@types/node": {
            "version": "18.17.5",
            "resolved": "http://localhost:4873/@types%2fnode/-/node-18.17.5.tgz",
            "integrity": "sha512-xNbS75FxH6P4UXTPUJp/zNPq6/xsfdJKussCWNOnz4aULWIRwMgP1LgaB5RiBnMX1DPCYenuqGZfnIAx5mbFLA==",
            "dev": true,
            "license": "MIT"
        },
        "node_modules/uuid": {
            "version": "9.0.0",
            "resolved": "http://localhost:4873/uuid/-/uuid-9.0.0.tgz",
            "integrity": "sha512-MXcSTerfPa4uqyzStbRoTgt5XIe3x5+42+q1sDuy3R5MDk66URdLMOZe5aPX/SQd+kuYAh0FdP/pO28IkQyTeg==",
            "dev": true,
            "license": "MIT",
            "bin": {
                "uuid": "dist/bin/uuid"
            }
        }
    }
}
