{
    "name": "@mcma/worker-invoker",
    "version": "0.13.29",
    "lockfileVersion": 1,
    "requires": true,
    "dependencies": {
        "@mcma/core": {
            "version": "0.13.29",
            "resolved": "https://registry.npmjs.org/@mcma/core/-/core-0.13.29.tgz",
            "integrity": "sha512-nxLky7dDC3/IVVJUs9ikWw0TTE8CjOS5h2SWXvPQQoLmNgRr5qZLYu9YsT58WIbtY+3ruwkj5eHP6iV7o/InQA==",
            "dev": true,
            "requires": {
                "uuid": "^7.0.3"
            }
        },
        "@types/node": {
            "version": "14.17.22",
            "resolved": "http://localhost:4873/@types%2fnode/-/node-14.17.22.tgz",
            "integrity": "sha512-6Mgu9YWd8j0dk9M8V9+5w6ktqIFCcn/fFXAVIDFk/niAOFiOiz4GeFAMWYAQjKrcsASbFqMkqR8/Y2wuVCAkNg==",
            "dev": true
        },
        "uuid": {
            "version": "7.0.3",
            "resolved": "https://registry.npmjs.org/uuid/-/uuid-7.0.3.tgz",
            "integrity": "sha512-DPSke0pXhTZgoF/d+WSt2QaKMCFSfx7QegxEWT+JOuHF5aWrKEn0G+ztjuJg/gG8/ItK+rbPCD/yNv8yyih6Cg==",
            "dev": true
        }
    }
}
