{
    "name": "@mcma/worker-invoker",
    "version": "0.14.5",
    "lockfileVersion": 1,
    "requires": true,
    "dependencies": {
        "@mcma/core": {
            "version": "0.14.5",
            "resolved": "https://registry.npmjs.org/@mcma/core/-/core-0.14.5.tgz",
            "integrity": "sha512-OBB+T2t7OQmPCP+xSqpeHmZvhnTXghT3WhQyrpKjHsKdJlvqjF924tpCUx6xIrkldiQcBWMpLGE0CxYG32fN0A==",
            "dev": true,
            "requires": {
                "uuid": "^7.0.3"
            }
        },
        "@types/node": {
            "version": "14.17.22",
            "resolved": "http://localhost:4873/@types%2fnode/-/node-14.17.22.tgz",
            "integrity": "sha512-6Mgu9YWd8j0dk9M8V9+5w6ktqIFCcn/fFXAVIDFk/niAOFiOiz4GeFAMWYAQjKrcsASbFqMkqR8/Y2wuVCAkNg==",
            "dev": true
        },
        "uuid": {
            "version": "7.0.3",
            "resolved": "https://registry.npmjs.org/uuid/-/uuid-7.0.3.tgz",
            "integrity": "sha512-DPSke0pXhTZgoF/d+WSt2QaKMCFSfx7QegxEWT+JOuHF5aWrKEn0G+ztjuJg/gG8/ItK+rbPCD/yNv8yyih6Cg==",
            "dev": true
        }
    }
}
