{
    "name": "@mcma/data",
    "version": "1.2.0",
    "lockfileVersion": 3,
    "requires": true,
    "packages": {
        "": {
            "name": "@mcma/data",
            "version": "1.2.0",
            "license": "Apache-2.0",
            "devDependencies": {
                "@mcma/core": "1.2.0",
                "@types/node": "^22.20.1"
            },
            "engines": {
                "node": ">=18.0.0"
            },
            "peerDependencies": {
                "@mcma/core": "1.2.0"
            }
        },
        "node_modules/@mcma/core": {
            "version": "1.2.0",
            "resolved": "https://registry.npmjs.org/@mcma/core/-/core-1.2.0.tgz",
            "integrity": "sha512-akwuS/Bg/0CtXprUxQbymDKIeaLUaiuBkvzf7QnBEgSLqdJojYfy5Azws9W3UjIDhcytOgDh0v5/tLYDtYD7LQ==",
            "dev": true,
            "license": "Apache-2.0",
            "dependencies": {
                "uuid": "^11.1.1"
            },
            "engines": {
                "node": ">=18.0.0"
            }
        },
        "node_modules/@types/node": {
            "version": "22.20.1",
            "resolved": "https://registry.npmjs.org/@types/node/-/node-22.20.1.tgz",
            "integrity": "sha512-EANqOCF9QFyra+4pfxUcX9STKJpCLjMbObVzljIJomAWSnuSIEAvyzEU53GaajbXJEgdh0iEcPL+DGvpUd4k1Q==",
            "dev": true,
            "license": "MIT",
            "dependencies": {
                "undici-types": "~6.21.0"
            }
        },
        "node_modules/undici-types": {
            "version": "6.21.0",
            "resolved": "https://registry.npmjs.org/undici-types/-/undici-types-6.21.0.tgz",
            "integrity": "sha512-iwDZqg0QAGrg9Rav5H4n0M64c3mkR59cJ6wQp+7C4nI0gsmExaedaYLNO44eT4AtBBwjbTiGPMlt2Md0T9H9JQ==",
            "dev": true,
            "license": "MIT"
        },
        "node_modules/uuid": {
            "version": "11.1.1",
            "resolved": "https://registry.npmjs.org/uuid/-/uuid-11.1.1.tgz",
            "integrity": "sha512-vIYxrBCC/N/K+Js3qSN88go7kIfNPssr/hHCesKCQNAjmgvYS2oqr69kIufEG+O4+PfezOH4EbIeHCfFov8ZgQ==",
            "dev": true,
            "funding": [
                "https://github.com/sponsors/broofa",
                "https://github.com/sponsors/ctavan"
            ],
            "license": "MIT",
            "bin": {
                "uuid": "dist/esm/bin/uuid"
            }
        }
    }
}
