{
    "name": "@mcma/aws-s3",
    "version": "0.6.2",
    "lockfileVersion": 1,
    "requires": true,
    "dependencies": {
        "@mcma/core": {
            "version": "0.6.2",
            "resolved": "https://registry.npmjs.org/@mcma/core/-/core-0.6.2.tgz",
            "integrity": "sha512-3QgofqN/hDzWmLiYYFGkxc94EaUjHkWLyiXv1WGn1FRc6D4KFnLx2Pjtz92HMfPI6XdXp/+lLGjLPiW5PAl56g==",
            "dev": true
        }
    }
}
