{
    "name": "@mcma/aws-s3",
    "version": "0.6.3",
    "lockfileVersion": 1,
    "requires": true,
    "dependencies": {
        "@mcma/core": {
            "version": "0.6.3",
            "resolved": "https://registry.npmjs.org/@mcma/core/-/core-0.6.3.tgz",
            "integrity": "sha512-CCNQNppUN6q//yvL7xWcUI4aIcAU1TEGzhgjpZQ44SVnDCaaXpdsGJSIEYhNCfpnstpQet0nzQZjI6etV8Tbbw==",
            "dev": true
        }
    }
}
