{
    "name": "@mcma/aws-s3",
    "version": "0.5.5",
    "lockfileVersion": 1,
    "requires": true,
    "dependencies": {
        "@mcma/core": {
            "version": "0.5.5",
            "resolved": "https://registry.npmjs.org/@mcma/core/-/core-0.5.5.tgz",
            "integrity": "sha512-zjnE2Tobny+nYjpmNi/xEi4YnmnFnCpG0ZhCpj8Lm/uBXQUxIfJI0nG48IheVQBDn2+Y2hIxOuKygIBnXfFH3A==",
            "dev": true
        }
    }
}
