{
    "name": "@mcma/core",
    "version": "0.16.16",
    "lockfileVersion": 3,
    "requires": true,
    "packages": {
        "": {
            "name": "@mcma/core",
            "version": "0.16.16",
            "license": "Apache-2.0",
            "dependencies": {
                "uuid": "^9.0.0"
            },
            "devDependencies": {
                "@types/node": "^18.15.10",
                "@types/uuid": "^9.0.1",
                "jasmine": "^3.4.0"
            },
            "engines": {
                "node": "^18.0.0"
            }
        },
        "node_modules/@types/node": {
            "version": "18.17.5",
            "resolved": "http://localhost:4873/@types%2fnode/-/node-18.17.5.tgz",
            "integrity": "sha512-xNbS75FxH6P4UXTPUJp/zNPq6/xsfdJKussCWNOnz4aULWIRwMgP1LgaB5RiBnMX1DPCYenuqGZfnIAx5mbFLA==",
            "dev": true,
            "license": "MIT"
        },
        "node_modules/@types/uuid": {
            "version": "9.0.2",
            "resolved": "http://localhost:4873/@types%2fuuid/-/uuid-9.0.2.tgz",
            "integrity": "sha512-kNnC1GFBLuhImSnV7w4njQkUiJi0ZXUycu1rUaouPqiKlXkh77JKgdRnTAp1x5eBwcIwbtI+3otwzuIDEuDoxQ==",
            "dev": true,
            "license": "MIT"
        },
        "node_modules/balanced-match": {
            "version": "1.0.2",
            "resolved": "http://localhost:4873/balanced-match/-/balanced-match-1.0.2.tgz",
            "integrity": "sha512-3oSeUO0TMV67hN1AmbXsK4yaqU7tjiHlbxRDZOpH0KW9+CeX4bRAaX0Anxt0tx2MrpRpWwQaPwIlISEJhYU5Pw==",
            "dev": true,
            "license": "MIT"
        },
        "node_modules/brace-expansion": {
            "version": "1.1.11",
            "resolved": "http://localhost:4873/brace-expansion/-/brace-expansion-1.1.11.tgz",
            "integrity": "sha512-iCuPHDFgrHX7H2vEI/5xpz07zSHB00TpugqhmYtVmMO6518mCuRMoOYFldEBl0g187ufozdaHgWKcYFb61qGiA==",
            "dev": true,
            "license": "MIT",
            "dependencies": {
                "balanced-match": "^1.0.0",
                "concat-map": "0.0.1"
            }
        },
        "node_modules/concat-map": {
            "version": "0.0.1",
            "resolved": "http://localhost:4873/concat-map/-/concat-map-0.0.1.tgz",
            "integrity": "sha1-2Klr13/Wjfd5OnMDajug1UBdR3s=",
            "dev": true,
            "license": "MIT"
        },
        "node_modules/fs.realpath": {
            "version": "1.0.0",
            "resolved": "http://localhost:4873/fs.realpath/-/fs.realpath-1.0.0.tgz",
            "integrity": "sha1-FQStJSMVjKpA20onh8sBQRmU6k8=",
            "dev": true,
            "license": "ISC"
        },
        "node_modules/glob": {
            "version": "7.2.3",
            "resolved": "http://localhost:4873/glob/-/glob-7.2.3.tgz",
            "integrity": "sha512-nFR0zLpU2YCaRxwoCJvL6UvCH2JFyFVIvwTLsIf21AuHlMskA1hhTdk+LlYJtOlYt9v6dvszD2BGRqBL+iQK9Q==",
            "dev": true,
            "license": "ISC",
            "dependencies": {
                "fs.realpath": "^1.0.0",
                "inflight": "^1.0.4",
                "inherits": "2",
                "minimatch": "^3.1.1",
                "once": "^1.3.0",
                "path-is-absolute": "^1.0.0"
            },
            "engines": {
                "node": "*"
            },
            "funding": {
                "url": "https://github.com/sponsors/isaacs"
            }
        },
        "node_modules/inflight": {
            "version": "1.0.6",
            "resolved": "http://localhost:4873/inflight/-/inflight-1.0.6.tgz",
            "integrity": "sha1-Sb1jMdfQLQwJvJEKEHW6gWW1bfk=",
            "dev": true,
            "license": "ISC",
            "dependencies": {
                "once": "^1.3.0",
                "wrappy": "1"
            }
        },
        "node_modules/inherits": {
            "version": "2.0.4",
            "resolved": "http://localhost:4873/inherits/-/inherits-2.0.4.tgz",
            "integrity": "sha512-k/vGaX4/Yla3WzyMCvTQOXYeIHvqOKtnqBduzTHpzpQZzAskKMhZ2K+EnBiSM9zGSoIFeMpXKxa4dYeZIQqewQ==",
            "dev": true,
            "license": "ISC"
        },
        "node_modules/jasmine": {
            "version": "3.99.0",
            "resolved": "http://localhost:4873/jasmine/-/jasmine-3.99.0.tgz",
            "integrity": "sha512-YIThBuHzaIIcjxeuLmPD40SjxkEcc8i//sGMDKCgkRMVgIwRJf5qyExtlJpQeh7pkeoBSOe6lQEdg+/9uKg9mw==",
            "dev": true,
            "license": "MIT",
            "dependencies": {
                "glob": "^7.1.6",
                "jasmine-core": "~3.99.0"
            },
            "bin": {
                "jasmine": "bin/jasmine.js"
            }
        },
        "node_modules/jasmine-core": {
            "version": "3.99.1",
            "resolved": "http://localhost:4873/jasmine-core/-/jasmine-core-3.99.1.tgz",
            "integrity": "sha512-Hu1dmuoGcZ7AfyynN3LsfruwMbxMALMka+YtZeGoLuDEySVmVAPaonkNoBRIw/ectu8b9tVQCJNgp4a4knp+tg==",
            "dev": true,
            "license": "MIT"
        },
        "node_modules/minimatch": {
            "version": "3.1.2",
            "resolved": "http://localhost:4873/minimatch/-/minimatch-3.1.2.tgz",
            "integrity": "sha512-J7p63hRiAjw1NDEww1W7i37+ByIrOWO5XQQAzZ3VOcL0PNybwpfmV/N05zFAzwQ9USyEcX6t3UO+K5aqBQOIHw==",
            "dev": true,
            "license": "ISC",
            "dependencies": {
                "brace-expansion": "^1.1.7"
            },
            "engines": {
                "node": "*"
            }
        },
        "node_modules/once": {
            "version": "1.4.0",
            "resolved": "http://localhost:4873/once/-/once-1.4.0.tgz",
            "integrity": "sha1-WDsap3WWHUsROsF9nFC6753Xa9E=",
            "dev": true,
            "license": "ISC",
            "dependencies": {
                "wrappy": "1"
            }
        },
        "node_modules/path-is-absolute": {
            "version": "1.0.1",
            "resolved": "http://localhost:4873/path-is-absolute/-/path-is-absolute-1.0.1.tgz",
            "integrity": "sha1-F0uSaHNVNP+8es5r9TpanhtcX18=",
            "dev": true,
            "license": "MIT",
            "engines": {
                "node": ">=0.10.0"
            }
        },
        "node_modules/uuid": {
            "version": "9.0.0",
            "resolved": "http://localhost:4873/uuid/-/uuid-9.0.0.tgz",
            "integrity": "sha512-MXcSTerfPa4uqyzStbRoTgt5XIe3x5+42+q1sDuy3R5MDk66URdLMOZe5aPX/SQd+kuYAh0FdP/pO28IkQyTeg==",
            "license": "MIT",
            "bin": {
                "uuid": "dist/bin/uuid"
            }
        },
        "node_modules/wrappy": {
            "version": "1.0.2",
            "resolved": "http://localhost:4873/wrappy/-/wrappy-1.0.2.tgz",
            "integrity": "sha1-tSQ9jz7BqjXxNkYFvA0QNuMKtp8=",
            "dev": true,
            "license": "ISC"
        }
    }
}
