{
    "name": "@mcma/gcp-http-functions",
    "version": "0.12.2-beta15",
    "lockfileVersion": 1,
    "requires": true,
    "dependencies": {
        "@google-cloud/functions-framework": {
            "version": "1.5.1",
            "resolved": "http://localhost:4873/@google-cloud%2ffunctions-framework/-/functions-framework-1.5.1.tgz",
            "integrity": "sha512-QvEB0WxP9P+/ykXVM2l41MhPvq0mDKIMoINHPi1Rm4CDuhFEShgOimNXKf/g0ROEyCKVFWO7IfWr4lrVH5CP0Q==",
            "requires": {
                "body-parser": "^1.18.3",
                "express": "^4.16.4",
                "minimist": "^1.2.0",
                "on-finished": "^2.3.0"
            }
        },
        "@mcma/api": {
            "version": "0.12.2-beta15",
            "resolved": "http://localhost:4873/@mcma%2fapi/-/api-0.12.2-beta15.tgz",
            "integrity": "sha512-HKXJL4K+e/zeIMTeO03+LZguWaaafH1OQ3zDLovHlpa2guXdzBSJWXebeANZoZ3/ROfOrAn/ttwIjgogO6exrg==",
            "dev": true,
            "requires": {
                "@types/uri-templates": "^0.1.30",
                "pluralize": "^7.0.0",
                "uri-templates": "^0.2.0",
                "uuid": "^7.0.3"
            }
        },
        "@mcma/client": {
            "version": "0.12.2-beta15",
            "resolved": "http://localhost:4873/@mcma%2fclient/-/client-0.12.2-beta15.tgz",
            "integrity": "sha512-sJI9MEpbeiGOlZC8PnxZjtskNso9Wh+a6YJA/LpRCBRF1Fv9iyse4+8RuuFxP5dAROeXoZJmUZZbt27b8dgtRQ==",
            "dev": true,
            "requires": {
                "axios": "^0.18.0"
            }
        },
        "@mcma/core": {
            "version": "0.12.2-beta15",
            "resolved": "http://localhost:4873/@mcma%2fcore/-/core-0.12.2-beta15.tgz",
            "integrity": "sha512-rV3IlpNdIYAo4bp28Of+dYnlo2SmN9pEsqF8N+4LazYbxstyB2ywE9tmCzDjdQ+3Q3Jtdn/KSzk+UrQemeCLyQ==",
            "dev": true,
            "requires": {
                "uuid": "^7.0.3"
            }
        },
        "@mcma/data": {
            "version": "0.12.2-beta15",
            "resolved": "http://localhost:4873/@mcma%2fdata/-/data-0.12.2-beta15.tgz",
            "integrity": "sha512-mq01U+PttUItoZZOEw51c4xSRKhM8A3lNPd29AGLGY6yz5hgxhr6H9jVCia8ykde5yTtcxZDEHwRI5szbiEN7Q==",
            "dev": true
        },
        "@types/body-parser": {
            "version": "1.19.0",
            "resolved": "http://localhost:4873/@types%2fbody-parser/-/body-parser-1.19.0.tgz",
            "integrity": "sha512-W98JrE0j2K78swW4ukqMleo8R7h/pFETjM2DQ90MF6XK2i4LO4W3gQ71Lt4w3bfm2EvVSyWHplECvB5sK22yFQ==",
            "dev": true,
            "requires": {
                "@types/connect": "*",
                "@types/node": "*"
            }
        },
        "@types/connect": {
            "version": "3.4.33",
            "resolved": "http://localhost:4873/@types%2fconnect/-/connect-3.4.33.tgz",
            "integrity": "sha512-2+FrkXY4zllzTNfJth7jOqEHC+enpLeGslEhpnTAkg21GkRrWV4SsAtqchtT4YS9/nODBU2/ZfsBY2X4J/dX7A==",
            "dev": true,
            "requires": {
                "@types/node": "*"
            }
        },
        "@types/express": {
            "version": "4.17.6",
            "resolved": "http://localhost:4873/@types%2fexpress/-/express-4.17.6.tgz",
            "integrity": "sha512-n/mr9tZI83kd4azlPG5y997C/M4DNABK9yErhFM6hKdym4kkmd9j0vtsJyjFIwfRBxtrxZtAfGZCNRIBMFLK5w==",
            "dev": true,
            "requires": {
                "@types/body-parser": "*",
                "@types/express-serve-static-core": "*",
                "@types/qs": "*",
                "@types/serve-static": "*"
            }
        },
        "@types/express-serve-static-core": {
            "version": "4.17.5",
            "resolved": "http://localhost:4873/@types%2fexpress-serve-static-core/-/express-serve-static-core-4.17.5.tgz",
            "integrity": "sha512-578YH5Lt88AKoADy0b2jQGwJtrBxezXtVe/MBqWXKZpqx91SnC0pVkVCcxcytz3lWW+cHBYDi3Ysh0WXc+rAYw==",
            "dev": true,
            "requires": {
                "@types/node": "*",
                "@types/range-parser": "*"
            }
        },
        "@types/mime": {
            "version": "2.0.1",
            "resolved": "http://localhost:4873/@types%2fmime/-/mime-2.0.1.tgz",
            "integrity": "sha512-FwI9gX75FgVBJ7ywgnq/P7tw+/o1GUbtP0KzbtusLigAOgIgNISRK0ZPl4qertvXSIE8YbsVJueQ90cDt9YYyw==",
            "dev": true
        },
        "@types/node": {
            "version": "13.13.2",
            "resolved": "http://localhost:4873/@types%2fnode/-/node-13.13.2.tgz",
            "integrity": "sha512-LB2R1Oyhpg8gu4SON/mfforE525+Hi/M1ineICEDftqNVTyFg1aRIeGuTvXAoWHc4nbrFncWtJgMmoyRvuGh7A==",
            "dev": true
        },
        "@types/qs": {
            "version": "6.9.1",
            "resolved": "http://localhost:4873/@types%2fqs/-/qs-6.9.1.tgz",
            "integrity": "sha512-lhbQXx9HKZAPgBkISrBcmAcMpZsmpe/Cd/hY7LGZS5OfkySUBItnPZHgQPssWYUET8elF+yCFBbP1Q0RZPTdaw==",
            "dev": true
        },
        "@types/range-parser": {
            "version": "1.2.3",
            "resolved": "http://localhost:4873/@types%2frange-parser/-/range-parser-1.2.3.tgz",
            "integrity": "sha512-ewFXqrQHlFsgc09MK5jP5iR7vumV/BYayNC6PgJO2LPe8vrnNFyjQjSppfEngITi0qvfKtzFvgKymGheFM9UOA==",
            "dev": true
        },
        "@types/serve-static": {
            "version": "1.13.3",
            "resolved": "http://localhost:4873/@types%2fserve-static/-/serve-static-1.13.3.tgz",
            "integrity": "sha512-oprSwp094zOglVrXdlo/4bAHtKTAxX6VT8FOZlBKrmyLbNvE1zxZyJ6yikMVtHIvwP45+ZQGJn+FdXGKTozq0g==",
            "dev": true,
            "requires": {
                "@types/express-serve-static-core": "*",
                "@types/mime": "*"
            }
        },
        "@types/uri-templates": {
            "version": "0.1.30",
            "resolved": "http://localhost:4873/@types%2furi-templates/-/uri-templates-0.1.30.tgz",
            "integrity": "sha512-tD55i9vfenTtWY2sYejAHU/srlqFp0ofRmxvrvvq9vjteTEsdKkDxMOeTfsvWIFt8267szAzw5yQgYIzq2DsTg==",
            "dev": true
        },
        "@types/uuid": {
            "version": "7.0.4",
            "resolved": "http://localhost:4873/@types%2fuuid/-/uuid-7.0.4.tgz",
            "integrity": "sha512-WGZCqBZZ0mXN2RxvLHL6/7RCu+OWs28jgQMP04LWfpyJlQUMTR6YU9CNJAKDgbw+EV/u687INXuLUc7FuML/4g==",
            "dev": true
        },
        "accepts": {
            "version": "1.3.7",
            "resolved": "http://localhost:4873/accepts/-/accepts-1.3.7.tgz",
            "integrity": "sha512-Il80Qs2WjYlJIBNzNkK6KYqlVMTbZLXgHx2oT0pU/fjRHyEp+PEfEPY0R3WCwAGVOtauxh1hOxNgIf5bv7dQpA==",
            "requires": {
                "mime-types": "~2.1.24",
                "negotiator": "0.6.2"
            }
        },
        "array-flatten": {
            "version": "1.1.1",
            "resolved": "http://localhost:4873/array-flatten/-/array-flatten-1.1.1.tgz",
            "integrity": "sha1-ml9pkFGx5wczKPKgCJaLZOopVdI="
        },
        "axios": {
            "version": "0.18.1",
            "resolved": "http://localhost:4873/axios/-/axios-0.18.1.tgz",
            "integrity": "sha512-0BfJq4NSfQXd+SkFdrvFbG7addhYSBA2mQwISr46pD6E5iqkWg02RAs8vyTT/j0RTnoYmeXauBuSv1qKwR179g==",
            "dev": true,
            "requires": {
                "follow-redirects": "1.5.10",
                "is-buffer": "^2.0.2"
            }
        },
        "balanced-match": {
            "version": "1.0.0",
            "resolved": "http://localhost:4873/balanced-match/-/balanced-match-1.0.0.tgz",
            "integrity": "sha1-ibTRmasr7kneFk6gK4nORi1xt2c=",
            "dev": true
        },
        "body-parser": {
            "version": "1.19.0",
            "resolved": "http://localhost:4873/body-parser/-/body-parser-1.19.0.tgz",
            "integrity": "sha512-dhEPs72UPbDnAQJ9ZKMNTP6ptJaionhP5cBb541nXPlW60Jepo9RV/a4fX4XWW9CuFNK22krhrj1+rgzifNCsw==",
            "requires": {
                "bytes": "3.1.0",
                "content-type": "~1.0.4",
                "debug": "2.6.9",
                "depd": "~1.1.2",
                "http-errors": "1.7.2",
                "iconv-lite": "0.4.24",
                "on-finished": "~2.3.0",
                "qs": "6.7.0",
                "raw-body": "2.4.0",
                "type-is": "~1.6.17"
            }
        },
        "brace-expansion": {
            "version": "1.1.11",
            "resolved": "http://localhost:4873/brace-expansion/-/brace-expansion-1.1.11.tgz",
            "integrity": "sha512-iCuPHDFgrHX7H2vEI/5xpz07zSHB00TpugqhmYtVmMO6518mCuRMoOYFldEBl0g187ufozdaHgWKcYFb61qGiA==",
            "dev": true,
            "requires": {
                "balanced-match": "^1.0.0",
                "concat-map": "0.0.1"
            }
        },
        "bytes": {
            "version": "3.1.0",
            "resolved": "http://localhost:4873/bytes/-/bytes-3.1.0.tgz",
            "integrity": "sha512-zauLjrfCG+xvoyaqLoV8bLVXXNGC4JqlxFCutSDWA6fJrTo2ZuvLYTqZ7aHBLZSMOopbzwv8f+wZcVzfVTI2Dg=="
        },
        "concat-map": {
            "version": "0.0.1",
            "resolved": "http://localhost:4873/concat-map/-/concat-map-0.0.1.tgz",
            "integrity": "sha1-2Klr13/Wjfd5OnMDajug1UBdR3s=",
            "dev": true
        },
        "content-disposition": {
            "version": "0.5.3",
            "resolved": "http://localhost:4873/content-disposition/-/content-disposition-0.5.3.tgz",
            "integrity": "sha512-ExO0774ikEObIAEV9kDo50o+79VCUdEB6n6lzKgGwupcVeRlhrj3qGAfwq8G6uBJjkqLrhT0qEYFcWng8z1z0g==",
            "requires": {
                "safe-buffer": "5.1.2"
            }
        },
        "content-type": {
            "version": "1.0.4",
            "resolved": "http://localhost:4873/content-type/-/content-type-1.0.4.tgz",
            "integrity": "sha512-hIP3EEPs8tB9AT1L+NUqtwOAps4mk2Zob89MWXMHjHWg9milF/j4osnnQLXBCBFBk/tvIG/tUc9mOUJiPBhPXA=="
        },
        "cookie": {
            "version": "0.4.0",
            "resolved": "http://localhost:4873/cookie/-/cookie-0.4.0.tgz",
            "integrity": "sha512-+Hp8fLp57wnUSt0tY0tHEXh4voZRDnoIrZPqlo3DPiI4y9lwg/jqx+1Om94/W6ZaPDOUbnjOt/99w66zk+l1Xg=="
        },
        "cookie-signature": {
            "version": "1.0.6",
            "resolved": "http://localhost:4873/cookie-signature/-/cookie-signature-1.0.6.tgz",
            "integrity": "sha1-4wOogrNCzD7oylE6eZmXNNqzriw="
        },
        "debug": {
            "version": "2.6.9",
            "resolved": "http://localhost:4873/debug/-/debug-2.6.9.tgz",
            "integrity": "sha512-bC7ElrdJaJnPbAP+1EotYvqZsb3ecl5wi6Bfi6BJTUcNowp6cvspg0jXznRTKDjm/E7AdgFBVeAPVMNcKGsHMA==",
            "requires": {
                "ms": "2.0.0"
            }
        },
        "depd": {
            "version": "1.1.2",
            "resolved": "http://localhost:4873/depd/-/depd-1.1.2.tgz",
            "integrity": "sha1-m81S4UwJd2PnSbJ0xDRu0uVgtak="
        },
        "destroy": {
            "version": "1.0.4",
            "resolved": "http://localhost:4873/destroy/-/destroy-1.0.4.tgz",
            "integrity": "sha1-l4hXRCxEdJ5CBmE+N5RiBYJqvYA="
        },
        "ee-first": {
            "version": "1.1.1",
            "resolved": "http://localhost:4873/ee-first/-/ee-first-1.1.1.tgz",
            "integrity": "sha1-WQxhFWsK4vTwJVcyoViyZrxWsh0="
        },
        "encodeurl": {
            "version": "1.0.2",
            "resolved": "http://localhost:4873/encodeurl/-/encodeurl-1.0.2.tgz",
            "integrity": "sha1-rT/0yG7C0CkyL1oCw6mmBslbP1k="
        },
        "escape-html": {
            "version": "1.0.3",
            "resolved": "http://localhost:4873/escape-html/-/escape-html-1.0.3.tgz",
            "integrity": "sha1-Aljq5NPQwJdN4cFpGI7wBR0dGYg="
        },
        "etag": {
            "version": "1.8.1",
            "resolved": "http://localhost:4873/etag/-/etag-1.8.1.tgz",
            "integrity": "sha1-Qa4u62XvpiJorr/qg6x9eSmbCIc="
        },
        "express": {
            "version": "4.17.1",
            "resolved": "http://localhost:4873/express/-/express-4.17.1.tgz",
            "integrity": "sha512-mHJ9O79RqluphRrcw2X/GTh3k9tVv8YcoyY4Kkh4WDMUYKRZUq0h1o0w2rrrxBqM7VoeUVqgb27xlEMXTnYt4g==",
            "requires": {
                "accepts": "~1.3.7",
                "array-flatten": "1.1.1",
                "body-parser": "1.19.0",
                "content-disposition": "0.5.3",
                "content-type": "~1.0.4",
                "cookie": "0.4.0",
                "cookie-signature": "1.0.6",
                "debug": "2.6.9",
                "depd": "~1.1.2",
                "encodeurl": "~1.0.2",
                "escape-html": "~1.0.3",
                "etag": "~1.8.1",
                "finalhandler": "~1.1.2",
                "fresh": "0.5.2",
                "merge-descriptors": "1.0.1",
                "methods": "~1.1.2",
                "on-finished": "~2.3.0",
                "parseurl": "~1.3.3",
                "path-to-regexp": "0.1.7",
                "proxy-addr": "~2.0.5",
                "qs": "6.7.0",
                "range-parser": "~1.2.1",
                "safe-buffer": "5.1.2",
                "send": "0.17.1",
                "serve-static": "1.14.1",
                "setprototypeof": "1.1.1",
                "statuses": "~1.5.0",
                "type-is": "~1.6.18",
                "utils-merge": "1.0.1",
                "vary": "~1.1.2"
            }
        },
        "finalhandler": {
            "version": "1.1.2",
            "resolved": "http://localhost:4873/finalhandler/-/finalhandler-1.1.2.tgz",
            "integrity": "sha512-aAWcW57uxVNrQZqFXjITpW3sIUQmHGG3qSb9mUah9MgMC4NeWhNOlNjXEYq3HjRAvL6arUviZGGJsBg6z0zsWA==",
            "requires": {
                "debug": "2.6.9",
                "encodeurl": "~1.0.2",
                "escape-html": "~1.0.3",
                "on-finished": "~2.3.0",
                "parseurl": "~1.3.3",
                "statuses": "~1.5.0",
                "unpipe": "~1.0.0"
            }
        },
        "follow-redirects": {
            "version": "1.5.10",
            "resolved": "http://localhost:4873/follow-redirects/-/follow-redirects-1.5.10.tgz",
            "integrity": "sha512-0V5l4Cizzvqt5D44aTXbFZz+FtyXV1vrDN6qrelxtfYQKW0KO0W2T/hkE8xvGa/540LkZlkaUjO4ailYTFtHVQ==",
            "dev": true,
            "requires": {
                "debug": "=3.1.0"
            },
            "dependencies": {
                "debug": {
                    "version": "3.1.0",
                    "resolved": "http://localhost:4873/debug/-/debug-3.1.0.tgz",
                    "integrity": "sha512-OX8XqP7/1a9cqkxYw2yXss15f26NKWBpDXQd0/uK/KPqdQhxbPa994hnzjcE2VqQpDslf55723cKPUOGSmMY3g==",
                    "dev": true,
                    "requires": {
                        "ms": "2.0.0"
                    }
                }
            }
        },
        "forwarded": {
            "version": "0.1.2",
            "resolved": "http://localhost:4873/forwarded/-/forwarded-0.1.2.tgz",
            "integrity": "sha1-mMI9qxF1ZXuMBXPozszZGw/xjIQ="
        },
        "fresh": {
            "version": "0.5.2",
            "resolved": "http://localhost:4873/fresh/-/fresh-0.5.2.tgz",
            "integrity": "sha1-PYyt2Q2XZWn6g1qx+OSyOhBWBac="
        },
        "fs.realpath": {
            "version": "1.0.0",
            "resolved": "http://localhost:4873/fs.realpath/-/fs.realpath-1.0.0.tgz",
            "integrity": "sha1-FQStJSMVjKpA20onh8sBQRmU6k8=",
            "dev": true
        },
        "glob": {
            "version": "7.1.6",
            "resolved": "http://localhost:4873/glob/-/glob-7.1.6.tgz",
            "integrity": "sha512-LwaxwyZ72Lk7vZINtNNrywX0ZuLyStrdDtabefZKAY5ZGJhVtgdznluResxNmPitE0SAO+O26sWTHeKSI2wMBA==",
            "dev": true,
            "requires": {
                "fs.realpath": "^1.0.0",
                "inflight": "^1.0.4",
                "inherits": "2",
                "minimatch": "^3.0.4",
                "once": "^1.3.0",
                "path-is-absolute": "^1.0.0"
            }
        },
        "http-errors": {
            "version": "1.7.2",
            "resolved": "http://localhost:4873/http-errors/-/http-errors-1.7.2.tgz",
            "integrity": "sha512-uUQBt3H/cSIVfch6i1EuPNy/YsRSOUBXTVfZ+yR7Zjez3qjBz6i9+i4zjNaoqcoFVI4lQJ5plg63TvGfRSDCRg==",
            "requires": {
                "depd": "~1.1.2",
                "inherits": "2.0.3",
                "setprototypeof": "1.1.1",
                "statuses": ">= 1.5.0 < 2",
                "toidentifier": "1.0.0"
            }
        },
        "iconv-lite": {
            "version": "0.4.24",
            "resolved": "http://localhost:4873/iconv-lite/-/iconv-lite-0.4.24.tgz",
            "integrity": "sha512-v3MXnZAcvnywkTUEZomIActle7RXXeedOR31wwl7VlyoXO4Qi9arvSenNQWne1TcRwhCL1HwLI21bEqdpj8/rA==",
            "requires": {
                "safer-buffer": ">= 2.1.2 < 3"
            }
        },
        "inflight": {
            "version": "1.0.6",
            "resolved": "http://localhost:4873/inflight/-/inflight-1.0.6.tgz",
            "integrity": "sha1-Sb1jMdfQLQwJvJEKEHW6gWW1bfk=",
            "dev": true,
            "requires": {
                "once": "^1.3.0",
                "wrappy": "1"
            }
        },
        "inherits": {
            "version": "2.0.3",
            "resolved": "http://localhost:4873/inherits/-/inherits-2.0.3.tgz",
            "integrity": "sha1-Yzwsg+PaQqUC9SRmAiSA9CCCYd4="
        },
        "ipaddr.js": {
            "version": "1.9.1",
            "resolved": "http://localhost:4873/ipaddr.js/-/ipaddr.js-1.9.1.tgz",
            "integrity": "sha512-0KI/607xoxSToH7GjN1FfSbLoU0+btTicjsQSWQlh/hZykN8KpmMf7uYwPW3R+akZ6R/w18ZlXSHBYXiYUPO3g=="
        },
        "is-buffer": {
            "version": "2.0.4",
            "resolved": "http://localhost:4873/is-buffer/-/is-buffer-2.0.4.tgz",
            "integrity": "sha512-Kq1rokWXOPXWuaMAqZiJW4XxsmD9zGx9q4aePabbn3qCRGedtH7Cm+zV8WETitMfu1wdh+Rvd6w5egwSngUX2A==",
            "dev": true
        },
        "jasmine": {
            "version": "3.5.0",
            "resolved": "http://localhost:4873/jasmine/-/jasmine-3.5.0.tgz",
            "integrity": "sha512-DYypSryORqzsGoMazemIHUfMkXM7I7easFaxAvNM3Mr6Xz3Fy36TupTrAOxZWN8MVKEU5xECv22J4tUQf3uBzQ==",
            "dev": true,
            "requires": {
                "glob": "^7.1.4",
                "jasmine-core": "~3.5.0"
            }
        },
        "jasmine-core": {
            "version": "3.5.0",
            "resolved": "http://localhost:4873/jasmine-core/-/jasmine-core-3.5.0.tgz",
            "integrity": "sha512-nCeAiw37MIMA9w9IXso7bRaLl+c/ef3wnxsoSAlYrzS+Ot0zTG6nU8G/cIfGkqpkjX2wNaIW9RFG0TwIFnG6bA==",
            "dev": true
        },
        "media-typer": {
            "version": "0.3.0",
            "resolved": "http://localhost:4873/media-typer/-/media-typer-0.3.0.tgz",
            "integrity": "sha1-hxDXrwqmJvj/+hzgAWhUUmMlV0g="
        },
        "merge-descriptors": {
            "version": "1.0.1",
            "resolved": "http://localhost:4873/merge-descriptors/-/merge-descriptors-1.0.1.tgz",
            "integrity": "sha1-sAqqVW3YtEVoFQ7J0blT8/kMu2E="
        },
        "methods": {
            "version": "1.1.2",
            "resolved": "http://localhost:4873/methods/-/methods-1.1.2.tgz",
            "integrity": "sha1-VSmk1nZUE07cxSZmVoNbD4Ua/O4="
        },
        "mime": {
            "version": "1.6.0",
            "resolved": "http://localhost:4873/mime/-/mime-1.6.0.tgz",
            "integrity": "sha512-x0Vn8spI+wuJ1O6S7gnbaQg8Pxh4NNHb7KSINmEWKiPE4RKOplvijn+NkmYmmRgP68mc70j2EbeTFRsrswaQeg=="
        },
        "mime-db": {
            "version": "1.43.0",
            "resolved": "http://localhost:4873/mime-db/-/mime-db-1.43.0.tgz",
            "integrity": "sha512-+5dsGEEovYbT8UY9yD7eE4XTc4UwJ1jBYlgaQQF38ENsKR3wj/8q8RFZrF9WIZpB2V1ArTVFUva8sAul1NzRzQ=="
        },
        "mime-types": {
            "version": "2.1.26",
            "resolved": "http://localhost:4873/mime-types/-/mime-types-2.1.26.tgz",
            "integrity": "sha512-01paPWYgLrkqAyrlDorC1uDwl2p3qZT7yl806vW7DvDoxwXi46jsjFbg+WdwotBIk6/MbEhO/dh5aZ5sNj/dWQ==",
            "requires": {
                "mime-db": "1.43.0"
            }
        },
        "minimatch": {
            "version": "3.0.4",
            "resolved": "http://localhost:4873/minimatch/-/minimatch-3.0.4.tgz",
            "integrity": "sha512-yJHVQEhyqPLUTgt9B83PXu6W3rx4MvvHvSUvToogpwoGDOUQ+yDrR0HRot+yOCdCO7u4hX3pWft6kWBBcqh0UA==",
            "dev": true,
            "requires": {
                "brace-expansion": "^1.1.7"
            }
        },
        "minimist": {
            "version": "1.2.5",
            "resolved": "http://localhost:4873/minimist/-/minimist-1.2.5.tgz",
            "integrity": "sha512-FM9nNUYrRBAELZQT3xeZQ7fmMOBg6nWNmJKTcgsJeaLstP/UODVpGsr5OhXhhXg6f+qtJ8uiZ+PUxkDWcgIXLw=="
        },
        "ms": {
            "version": "2.0.0",
            "resolved": "http://localhost:4873/ms/-/ms-2.0.0.tgz",
            "integrity": "sha1-VgiurfwAvmwpAd9fmGF4jeDVl8g="
        },
        "negotiator": {
            "version": "0.6.2",
            "resolved": "http://localhost:4873/negotiator/-/negotiator-0.6.2.tgz",
            "integrity": "sha512-hZXc7K2e+PgeI1eDBe/10Ard4ekbfrrqG8Ep+8Jmf4JID2bNg7NvCPOZN+kfF574pFQI7mum2AUqDidoKqcTOw=="
        },
        "on-finished": {
            "version": "2.3.0",
            "resolved": "http://localhost:4873/on-finished/-/on-finished-2.3.0.tgz",
            "integrity": "sha1-IPEzZIGwg811M3mSoWlxqi2QaUc=",
            "requires": {
                "ee-first": "1.1.1"
            }
        },
        "once": {
            "version": "1.4.0",
            "resolved": "http://localhost:4873/once/-/once-1.4.0.tgz",
            "integrity": "sha1-WDsap3WWHUsROsF9nFC6753Xa9E=",
            "dev": true,
            "requires": {
                "wrappy": "1"
            }
        },
        "parseurl": {
            "version": "1.3.3",
            "resolved": "http://localhost:4873/parseurl/-/parseurl-1.3.3.tgz",
            "integrity": "sha512-CiyeOxFT/JZyN5m0z9PfXw4SCBJ6Sygz1Dpl0wqjlhDEGGBP1GnsUVEL0p63hoG1fcj3fHynXi9NYO4nWOL+qQ=="
        },
        "path-is-absolute": {
            "version": "1.0.1",
            "resolved": "http://localhost:4873/path-is-absolute/-/path-is-absolute-1.0.1.tgz",
            "integrity": "sha1-F0uSaHNVNP+8es5r9TpanhtcX18=",
            "dev": true
        },
        "path-to-regexp": {
            "version": "0.1.7",
            "resolved": "http://localhost:4873/path-to-regexp/-/path-to-regexp-0.1.7.tgz",
            "integrity": "sha1-32BBeABfUi8V60SQ5yR6G/qmf4w="
        },
        "pluralize": {
            "version": "7.0.0",
            "resolved": "http://localhost:4873/pluralize/-/pluralize-7.0.0.tgz",
            "integrity": "sha512-ARhBOdzS3e41FbkW/XWrTEtukqqLoK5+Z/4UeDaLuSW+39JPeFgs4gCGqsrJHVZX0fUrx//4OF0K1CUGwlIFow==",
            "dev": true
        },
        "proxy-addr": {
            "version": "2.0.6",
            "resolved": "http://localhost:4873/proxy-addr/-/proxy-addr-2.0.6.tgz",
            "integrity": "sha512-dh/frvCBVmSsDYzw6n926jv974gddhkFPfiN8hPOi30Wax25QZyZEGveluCgliBnqmuM+UJmBErbAUFIoDbjOw==",
            "requires": {
                "forwarded": "~0.1.2",
                "ipaddr.js": "1.9.1"
            }
        },
        "qs": {
            "version": "6.7.0",
            "resolved": "http://localhost:4873/qs/-/qs-6.7.0.tgz",
            "integrity": "sha512-VCdBRNFTX1fyE7Nb6FYoURo/SPe62QCaAyzJvUjwRaIsc+NePBEniHlvxFmmX56+HZphIGtV0XeCirBtpDrTyQ=="
        },
        "range-parser": {
            "version": "1.2.1",
            "resolved": "http://localhost:4873/range-parser/-/range-parser-1.2.1.tgz",
            "integrity": "sha512-Hrgsx+orqoygnmhFbKaHE6c296J+HTAQXoxEF6gNupROmmGJRoyzfG3ccAveqCBrwr/2yxQ5BVd/GTl5agOwSg=="
        },
        "raw-body": {
            "version": "2.4.0",
            "resolved": "http://localhost:4873/raw-body/-/raw-body-2.4.0.tgz",
            "integrity": "sha512-4Oz8DUIwdvoa5qMJelxipzi/iJIi40O5cGV1wNYp5hvZP8ZN0T+jiNkL0QepXs+EsQ9XJ8ipEDoiH70ySUJP3Q==",
            "requires": {
                "bytes": "3.1.0",
                "http-errors": "1.7.2",
                "iconv-lite": "0.4.24",
                "unpipe": "1.0.0"
            }
        },
        "safe-buffer": {
            "version": "5.1.2",
            "resolved": "http://localhost:4873/safe-buffer/-/safe-buffer-5.1.2.tgz",
            "integrity": "sha512-Gd2UZBJDkXlY7GbJxfsE8/nvKkUEU1G38c1siN6QP6a9PT9MmHB8GnpscSmMJSoF8LOIrt8ud/wPtojys4G6+g=="
        },
        "safer-buffer": {
            "version": "2.1.2",
            "resolved": "http://localhost:4873/safer-buffer/-/safer-buffer-2.1.2.tgz",
            "integrity": "sha512-YZo3K82SD7Riyi0E1EQPojLz7kpepnSQI9IyPbHHg1XXXevb5dJI7tpyN2ADxGcQbHG7vcyRHk0cbwqcQriUtg=="
        },
        "send": {
            "version": "0.17.1",
            "resolved": "http://localhost:4873/send/-/send-0.17.1.tgz",
            "integrity": "sha512-BsVKsiGcQMFwT8UxypobUKyv7irCNRHk1T0G680vk88yf6LBByGcZJOTJCrTP2xVN6yI+XjPJcNuE3V4fT9sAg==",
            "requires": {
                "debug": "2.6.9",
                "depd": "~1.1.2",
                "destroy": "~1.0.4",
                "encodeurl": "~1.0.2",
                "escape-html": "~1.0.3",
                "etag": "~1.8.1",
                "fresh": "0.5.2",
                "http-errors": "~1.7.2",
                "mime": "1.6.0",
                "ms": "2.1.1",
                "on-finished": "~2.3.0",
                "range-parser": "~1.2.1",
                "statuses": "~1.5.0"
            },
            "dependencies": {
                "ms": {
                    "version": "2.1.1",
                    "resolved": "http://localhost:4873/ms/-/ms-2.1.1.tgz",
                    "integrity": "sha512-tgp+dl5cGk28utYktBsrFqA7HKgrhgPsg6Z/EfhWI4gl1Hwq8B/GmY/0oXZ6nF8hDVesS/FpnYaD/kOWhYQvyg=="
                }
            }
        },
        "serve-static": {
            "version": "1.14.1",
            "resolved": "http://localhost:4873/serve-static/-/serve-static-1.14.1.tgz",
            "integrity": "sha512-JMrvUwE54emCYWlTI+hGrGv5I8dEwmco/00EvkzIIsR7MqrHonbD9pO2MOfFnpFntl7ecpZs+3mW+XbQZu9QCg==",
            "requires": {
                "encodeurl": "~1.0.2",
                "escape-html": "~1.0.3",
                "parseurl": "~1.3.3",
                "send": "0.17.1"
            }
        },
        "setprototypeof": {
            "version": "1.1.1",
            "resolved": "http://localhost:4873/setprototypeof/-/setprototypeof-1.1.1.tgz",
            "integrity": "sha512-JvdAWfbXeIGaZ9cILp38HntZSFSo3mWg6xGcJJsd+d4aRMOqauag1C63dJfDw7OaMYwEbHMOxEZ1lqVRYP2OAw=="
        },
        "statuses": {
            "version": "1.5.0",
            "resolved": "http://localhost:4873/statuses/-/statuses-1.5.0.tgz",
            "integrity": "sha1-Fhx9rBd2Wf2YEfQ3cfqZOBR4Yow="
        },
        "toidentifier": {
            "version": "1.0.0",
            "resolved": "http://localhost:4873/toidentifier/-/toidentifier-1.0.0.tgz",
            "integrity": "sha512-yaOH/Pk/VEhBWWTlhI+qXxDFXlejDGcQipMlyxda9nthulaxLZUNcUqFxokp0vcYnvteJln5FNQDRrxj3YcbVw=="
        },
        "type-is": {
            "version": "1.6.18",
            "resolved": "http://localhost:4873/type-is/-/type-is-1.6.18.tgz",
            "integrity": "sha512-TkRKr9sUTxEH8MdfuCSP7VizJyzRNMjj2J2do2Jr3Kym598JVdEksuzPQCnlFPW4ky9Q+iA+ma9BGm06XQBy8g==",
            "requires": {
                "media-typer": "0.3.0",
                "mime-types": "~2.1.24"
            }
        },
        "unpipe": {
            "version": "1.0.0",
            "resolved": "http://localhost:4873/unpipe/-/unpipe-1.0.0.tgz",
            "integrity": "sha1-sr9O6FFKrmFltIF4KdIbLvSZBOw="
        },
        "uri-templates": {
            "version": "0.2.0",
            "resolved": "http://localhost:4873/uri-templates/-/uri-templates-0.2.0.tgz",
            "integrity": "sha1-K1eEURzJCYaHMekjPCaAl9ELSZ8=",
            "dev": true
        },
        "utils-merge": {
            "version": "1.0.1",
            "resolved": "http://localhost:4873/utils-merge/-/utils-merge-1.0.1.tgz",
            "integrity": "sha1-n5VxD1CiZ5R7LMwSR0HBAoQn5xM="
        },
        "uuid": {
            "version": "7.0.3",
            "resolved": "http://localhost:4873/uuid/-/uuid-7.0.3.tgz",
            "integrity": "sha512-DPSke0pXhTZgoF/d+WSt2QaKMCFSfx7QegxEWT+JOuHF5aWrKEn0G+ztjuJg/gG8/ItK+rbPCD/yNv8yyih6Cg=="
        },
        "vary": {
            "version": "1.1.2",
            "resolved": "http://localhost:4873/vary/-/vary-1.1.2.tgz",
            "integrity": "sha1-IpnwLG3tMNSllhsLn3RSShj2NPw="
        },
        "wrappy": {
            "version": "1.0.2",
            "resolved": "http://localhost:4873/wrappy/-/wrappy-1.0.2.tgz",
            "integrity": "sha1-tSQ9jz7BqjXxNkYFvA0QNuMKtp8=",
            "dev": true
        }
    }
}
