{
    "name": "@mcma/azure-functions-worker",
    "version": "0.11.0",
    "lockfileVersion": 1,
    "requires": true,
    "dependencies": {
        "@azure/functions": {
            "version": "1.2.0",
            "resolved": "http://localhost:4873/@azure%2ffunctions/-/functions-1.2.0.tgz",
            "integrity": "sha512-qkaQqTnr56xUnYNkKBM/2wsnf6imAJ3NF6Nbpk691Y6JYliA1YdZngsZsrpHS9tQ9/71MqARl8m50+EmEfLG3g==",
            "dev": true
        },
        "@mcma/client": {
            "version": "0.11.0",
            "resolved": "http://localhost:4873/@mcma%2fclient/-/client-0.11.0.tgz",
            "integrity": "sha512-9e+eOCuGlDRpNV0m9APh2OAGfGtaXRVw7FFnNZb0awcxnxCbtPS4qKSes2LVErFpgQBneWbI2UA5UtNLkCnJ3A==",
            "dev": true,
            "requires": {
                "axios": "^0.18.0"
            }
        },
        "@mcma/core": {
            "version": "0.11.0",
            "resolved": "http://localhost:4873/@mcma%2fcore/-/core-0.11.0.tgz",
            "integrity": "sha512-828voc3/UtmUTcgUoR/Bb8Ad2pX1fosTESBqAypsqeyzzYXRMZZhoNdSPuPP2z69Ujz4gUrioLY8Q9GI3IO7kw==",
            "dev": true,
            "requires": {
                "uuid": "^7.0.3"
            }
        },
        "@mcma/data": {
            "version": "0.11.0",
            "resolved": "http://localhost:4873/@mcma%2fdata/-/data-0.11.0.tgz",
            "integrity": "sha512-+Ssbj62wdQidtgN0UeVBnn7q60QCkp3UL+fBpcxcyi6qFjUiHyKuznEDrxdpCUYs3nCfSie321JwytbFnH999Q==",
            "dev": true
        },
        "@mcma/worker": {
            "version": "0.11.0",
            "resolved": "http://localhost:4873/@mcma%2fworker/-/worker-0.11.0.tgz",
            "integrity": "sha512-HBJcR1AS7POUHlqJT58QcJ5BamP3qB4tmqqNYd5PmHDAwoey6gIEqHJJ0NInkjXsERuV/SjENwy8yq4WkZZUcg==",
            "dev": true
        },
        "@types/node": {
            "version": "13.7.7",
            "resolved": "http://localhost:4873/@types%2fnode/-/node-13.7.7.tgz",
            "integrity": "sha512-Uo4chgKbnPNlxQwoFmYIwctkQVkMMmsAoGGU4JKwLuvBefF0pCq4FybNSnfkfRCpC7ZW7kttcC/TrRtAJsvGtg==",
            "dev": true
        },
        "axios": {
            "version": "0.18.1",
            "resolved": "http://localhost:4873/axios/-/axios-0.18.1.tgz",
            "integrity": "sha512-0BfJq4NSfQXd+SkFdrvFbG7addhYSBA2mQwISr46pD6E5iqkWg02RAs8vyTT/j0RTnoYmeXauBuSv1qKwR179g==",
            "dev": true,
            "requires": {
                "follow-redirects": "1.5.10",
                "is-buffer": "^2.0.2"
            }
        },
        "balanced-match": {
            "version": "1.0.0",
            "resolved": "http://localhost:4873/balanced-match/-/balanced-match-1.0.0.tgz",
            "integrity": "sha1-ibTRmasr7kneFk6gK4nORi1xt2c=",
            "dev": true
        },
        "brace-expansion": {
            "version": "1.1.11",
            "resolved": "http://localhost:4873/brace-expansion/-/brace-expansion-1.1.11.tgz",
            "integrity": "sha512-iCuPHDFgrHX7H2vEI/5xpz07zSHB00TpugqhmYtVmMO6518mCuRMoOYFldEBl0g187ufozdaHgWKcYFb61qGiA==",
            "dev": true,
            "requires": {
                "balanced-match": "^1.0.0",
                "concat-map": "0.0.1"
            }
        },
        "concat-map": {
            "version": "0.0.1",
            "resolved": "http://localhost:4873/concat-map/-/concat-map-0.0.1.tgz",
            "integrity": "sha1-2Klr13/Wjfd5OnMDajug1UBdR3s=",
            "dev": true
        },
        "debug": {
            "version": "3.1.0",
            "resolved": "http://localhost:4873/debug/-/debug-3.1.0.tgz",
            "integrity": "sha512-OX8XqP7/1a9cqkxYw2yXss15f26NKWBpDXQd0/uK/KPqdQhxbPa994hnzjcE2VqQpDslf55723cKPUOGSmMY3g==",
            "dev": true,
            "requires": {
                "ms": "2.0.0"
            }
        },
        "follow-redirects": {
            "version": "1.5.10",
            "resolved": "http://localhost:4873/follow-redirects/-/follow-redirects-1.5.10.tgz",
            "integrity": "sha512-0V5l4Cizzvqt5D44aTXbFZz+FtyXV1vrDN6qrelxtfYQKW0KO0W2T/hkE8xvGa/540LkZlkaUjO4ailYTFtHVQ==",
            "dev": true,
            "requires": {
                "debug": "=3.1.0"
            }
        },
        "fs.realpath": {
            "version": "1.0.0",
            "resolved": "http://localhost:4873/fs.realpath/-/fs.realpath-1.0.0.tgz",
            "integrity": "sha1-FQStJSMVjKpA20onh8sBQRmU6k8=",
            "dev": true
        },
        "glob": {
            "version": "7.1.6",
            "resolved": "http://localhost:4873/glob/-/glob-7.1.6.tgz",
            "integrity": "sha512-LwaxwyZ72Lk7vZINtNNrywX0ZuLyStrdDtabefZKAY5ZGJhVtgdznluResxNmPitE0SAO+O26sWTHeKSI2wMBA==",
            "dev": true,
            "requires": {
                "fs.realpath": "^1.0.0",
                "inflight": "^1.0.4",
                "inherits": "2",
                "minimatch": "^3.0.4",
                "once": "^1.3.0",
                "path-is-absolute": "^1.0.0"
            }
        },
        "inflight": {
            "version": "1.0.6",
            "resolved": "http://localhost:4873/inflight/-/inflight-1.0.6.tgz",
            "integrity": "sha1-Sb1jMdfQLQwJvJEKEHW6gWW1bfk=",
            "dev": true,
            "requires": {
                "once": "^1.3.0",
                "wrappy": "1"
            }
        },
        "inherits": {
            "version": "2.0.4",
            "resolved": "http://localhost:4873/inherits/-/inherits-2.0.4.tgz",
            "integrity": "sha512-k/vGaX4/Yla3WzyMCvTQOXYeIHvqOKtnqBduzTHpzpQZzAskKMhZ2K+EnBiSM9zGSoIFeMpXKxa4dYeZIQqewQ==",
            "dev": true
        },
        "is-buffer": {
            "version": "2.0.4",
            "resolved": "http://localhost:4873/is-buffer/-/is-buffer-2.0.4.tgz",
            "integrity": "sha512-Kq1rokWXOPXWuaMAqZiJW4XxsmD9zGx9q4aePabbn3qCRGedtH7Cm+zV8WETitMfu1wdh+Rvd6w5egwSngUX2A==",
            "dev": true
        },
        "jasmine": {
            "version": "3.5.0",
            "resolved": "http://localhost:4873/jasmine/-/jasmine-3.5.0.tgz",
            "integrity": "sha512-DYypSryORqzsGoMazemIHUfMkXM7I7easFaxAvNM3Mr6Xz3Fy36TupTrAOxZWN8MVKEU5xECv22J4tUQf3uBzQ==",
            "dev": true,
            "requires": {
                "glob": "^7.1.4",
                "jasmine-core": "~3.5.0"
            }
        },
        "jasmine-core": {
            "version": "3.5.0",
            "resolved": "http://localhost:4873/jasmine-core/-/jasmine-core-3.5.0.tgz",
            "integrity": "sha512-nCeAiw37MIMA9w9IXso7bRaLl+c/ef3wnxsoSAlYrzS+Ot0zTG6nU8G/cIfGkqpkjX2wNaIW9RFG0TwIFnG6bA==",
            "dev": true
        },
        "minimatch": {
            "version": "3.0.4",
            "resolved": "http://localhost:4873/minimatch/-/minimatch-3.0.4.tgz",
            "integrity": "sha512-yJHVQEhyqPLUTgt9B83PXu6W3rx4MvvHvSUvToogpwoGDOUQ+yDrR0HRot+yOCdCO7u4hX3pWft6kWBBcqh0UA==",
            "dev": true,
            "requires": {
                "brace-expansion": "^1.1.7"
            }
        },
        "ms": {
            "version": "2.0.0",
            "resolved": "http://localhost:4873/ms/-/ms-2.0.0.tgz",
            "integrity": "sha1-VgiurfwAvmwpAd9fmGF4jeDVl8g=",
            "dev": true
        },
        "once": {
            "version": "1.4.0",
            "resolved": "http://localhost:4873/once/-/once-1.4.0.tgz",
            "integrity": "sha1-WDsap3WWHUsROsF9nFC6753Xa9E=",
            "dev": true,
            "requires": {
                "wrappy": "1"
            }
        },
        "path-is-absolute": {
            "version": "1.0.1",
            "resolved": "http://localhost:4873/path-is-absolute/-/path-is-absolute-1.0.1.tgz",
            "integrity": "sha1-F0uSaHNVNP+8es5r9TpanhtcX18=",
            "dev": true
        },
        "uuid": {
            "version": "7.0.3",
            "resolved": "http://localhost:4873/uuid/-/uuid-7.0.3.tgz",
            "integrity": "sha512-DPSke0pXhTZgoF/d+WSt2QaKMCFSfx7QegxEWT+JOuHF5aWrKEn0G+ztjuJg/gG8/ItK+rbPCD/yNv8yyih6Cg==",
            "dev": true
        },
        "wrappy": {
            "version": "1.0.2",
            "resolved": "http://localhost:4873/wrappy/-/wrappy-1.0.2.tgz",
            "integrity": "sha1-tSQ9jz7BqjXxNkYFvA0QNuMKtp8=",
            "dev": true
        }
    }
}
