{
    "name": "@mcma/secrets",
    "version": "1.1.0",
    "lockfileVersion": 3,
    "requires": true,
    "packages": {
        "": {
            "name": "@mcma/secrets",
            "version": "1.1.0",
            "license": "Apache-2.0",
            "devDependencies": {
                "@types/node": "^22.19.7",
                "jasmine": "^6.0.0"
            },
            "engines": {
                "node": ">=18.0.0"
            }
        },
        "node_modules/@isaacs/balanced-match": {
            "version": "4.0.1",
            "resolved": "http://localhost:4873/@isaacs/balanced-match/-/balanced-match-4.0.1.tgz",
            "integrity": "sha512-yzMTt9lEb8Gv7zRioUilSglI0c0smZ9k5D65677DLWLtWJaXIS3CqcGyUFByYKlnUj6TkjLVs54fBl6+TiGQDQ==",
            "dev": true,
            "license": "MIT",
            "engines": {
                "node": "20 || >=22"
            }
        },
        "node_modules/@isaacs/brace-expansion": {
            "version": "5.0.0",
            "resolved": "http://localhost:4873/@isaacs/brace-expansion/-/brace-expansion-5.0.0.tgz",
            "integrity": "sha512-ZT55BDLV0yv0RBm2czMiZ+SqCGO7AvmOM3G/w2xhVPH+te0aKgFjmBvGlL1dH+ql2tgGO3MVrbb3jCKyvpgnxA==",
            "dev": true,
            "license": "MIT",
            "dependencies": {
                "@isaacs/balanced-match": "^4.0.1"
            },
            "engines": {
                "node": "20 || >=22"
            }
        },
        "node_modules/@jasminejs/reporters": {
            "version": "1.0.0",
            "resolved": "http://localhost:4873/@jasminejs/reporters/-/reporters-1.0.0.tgz",
            "integrity": "sha512-rM3GG4vx2H1Gp5kYCTr9aKlOEJFd43pzpiMAiy5b1+FUc2ub4e6bS6yCi/WQNDzAa5MVp9++dwcoEtcIfoEnhA==",
            "dev": true,
            "license": "MIT"
        },
        "node_modules/@types/node": {
            "version": "22.19.7",
            "resolved": "http://localhost:4873/@types/node/-/node-22.19.7.tgz",
            "integrity": "sha512-MciR4AKGHWl7xwxkBa6xUGxQJ4VBOmPTF7sL+iGzuahOFaO0jHCsuEfS80pan1ef4gWId1oWOweIhrDEYLuaOw==",
            "dev": true,
            "license": "MIT",
            "dependencies": {
                "undici-types": "~6.21.0"
            }
        },
        "node_modules/glob": {
            "version": "13.0.0",
            "resolved": "http://localhost:4873/glob/-/glob-13.0.0.tgz",
            "integrity": "sha512-tvZgpqk6fz4BaNZ66ZsRaZnbHvP/jG3uKJvAZOwEVUL4RTA5nJeeLYfyN9/VA8NX/V3IBG+hkeuGpKjvELkVhA==",
            "dev": true,
            "license": "BlueOak-1.0.0",
            "dependencies": {
                "minimatch": "^10.1.1",
                "minipass": "^7.1.2",
                "path-scurry": "^2.0.0"
            },
            "engines": {
                "node": "20 || >=22"
            },
            "funding": {
                "url": "https://github.com/sponsors/isaacs"
            }
        },
        "node_modules/jasmine": {
            "version": "6.0.0",
            "resolved": "http://localhost:4873/jasmine/-/jasmine-6.0.0.tgz",
            "integrity": "sha512-eSPL6LPWT39WwvHSEEbRXuSvioXMTheNhIPaeUT1OPmSprDZwj4S29884DkTx6/tyiOWTWB1N+LdW2ZSg74aEA==",
            "dev": true,
            "license": "MIT",
            "dependencies": {
                "@jasminejs/reporters": "^1.0.0",
                "glob": "^10.2.2 || ^11.0.3 || ^12.0.0 || ^13.0.0",
                "jasmine-core": "~6.0.0"
            },
            "bin": {
                "jasmine": "bin/jasmine.js"
            }
        },
        "node_modules/jasmine-core": {
            "version": "6.0.0",
            "resolved": "http://localhost:4873/jasmine-core/-/jasmine-core-6.0.0.tgz",
            "integrity": "sha512-fmBb8aruz2mEIDBUGWOGNmxhXwFJs44SSzwbMcBDqQnNChavPTq3Ra9A6WAn6WdxvxWEdakKTcEb3NzeR3yD1A==",
            "dev": true,
            "license": "MIT"
        },
        "node_modules/lru-cache": {
            "version": "11.2.4",
            "resolved": "http://localhost:4873/lru-cache/-/lru-cache-11.2.4.tgz",
            "integrity": "sha512-B5Y16Jr9LB9dHVkh6ZevG+vAbOsNOYCX+sXvFWFu7B3Iz5mijW3zdbMyhsh8ANd2mSWBYdJgnqi+mL7/LrOPYg==",
            "dev": true,
            "license": "BlueOak-1.0.0",
            "engines": {
                "node": "20 || >=22"
            }
        },
        "node_modules/minimatch": {
            "version": "10.1.1",
            "resolved": "http://localhost:4873/minimatch/-/minimatch-10.1.1.tgz",
            "integrity": "sha512-enIvLvRAFZYXJzkCYG5RKmPfrFArdLv+R+lbQ53BmIMLIry74bjKzX6iHAm8WYamJkhSSEabrWN5D97XnKObjQ==",
            "dev": true,
            "license": "BlueOak-1.0.0",
            "dependencies": {
                "@isaacs/brace-expansion": "^5.0.0"
            },
            "engines": {
                "node": "20 || >=22"
            },
            "funding": {
                "url": "https://github.com/sponsors/isaacs"
            }
        },
        "node_modules/minipass": {
            "version": "7.1.2",
            "resolved": "http://localhost:4873/minipass/-/minipass-7.1.2.tgz",
            "integrity": "sha512-qOOzS1cBTWYF4BH8fVePDBOO9iptMnGUEZwNc/cMWnTV2nVLZ7VoNWEPHkYczZA0pdoA7dl6e7FL659nX9S2aw==",
            "dev": true,
            "license": "ISC",
            "engines": {
                "node": ">=16 || 14 >=14.17"
            }
        },
        "node_modules/path-scurry": {
            "version": "2.0.1",
            "resolved": "http://localhost:4873/path-scurry/-/path-scurry-2.0.1.tgz",
            "integrity": "sha512-oWyT4gICAu+kaA7QWk/jvCHWarMKNs6pXOGWKDTr7cw4IGcUbW+PeTfbaQiLGheFRpjo6O9J0PmyMfQPjH71oA==",
            "dev": true,
            "license": "BlueOak-1.0.0",
            "dependencies": {
                "lru-cache": "^11.0.0",
                "minipass": "^7.1.2"
            },
            "engines": {
                "node": "20 || >=22"
            },
            "funding": {
                "url": "https://github.com/sponsors/isaacs"
            }
        },
        "node_modules/undici-types": {
            "version": "6.21.0",
            "resolved": "http://localhost:4873/undici-types/-/undici-types-6.21.0.tgz",
            "integrity": "sha512-iwDZqg0QAGrg9Rav5H4n0M64c3mkR59cJ6wQp+7C4nI0gsmExaedaYLNO44eT4AtBBwjbTiGPMlt2Md0T9H9JQ==",
            "dev": true,
            "license": "MIT"
        }
    }
}
