{
    "name": "@mcma/client",
    "version": "0.16.15",
    "lockfileVersion": 3,
    "requires": true,
    "packages": {
        "": {
            "name": "@mcma/client",
            "version": "0.16.15",
            "license": "Apache-2.0",
            "dependencies": {
                "axios": "^1.6.2"
            },
            "devDependencies": {
                "@mcma/core": "0.16.15",
                "@mcma/secrets": "0.16.15",
                "@types/node": "^18.15.10",
                "jasmine": "^3.3.1"
            },
            "engines": {
                "node": "^18.0.0"
            },
            "peerDependencies": {
                "@mcma/core": "0.16.15",
                "@mcma/secrets": "0.16.15"
            }
        },
        "node_modules/@mcma/core": {
            "version": "0.16.15",
            "resolved": "https://registry.npmjs.org/@mcma/core/-/core-0.16.15.tgz",
            "integrity": "sha512-VFDWM+XpLAMlxGfbSlFwES/B1Yg9a3qIsvj2w5fvrpXQGkLZ9lTcwL1TN3YChXf5H9mfXEEwRNJNPNPm/UkgDg==",
            "dev": true,
            "dependencies": {
                "uuid": "^9.0.0"
            },
            "engines": {
                "node": "^18.0.0"
            }
        },
        "node_modules/@mcma/secrets": {
            "version": "0.16.15",
            "resolved": "https://registry.npmjs.org/@mcma/secrets/-/secrets-0.16.15.tgz",
            "integrity": "sha512-xmAfJHTNUjPQV10kLsWHWrrtLXce6CZq8kfEjGakEE6GMQHl0xBT9UdYiWqkDaI6AiwMWtSGn9YnCUwG1uFoOA==",
            "dev": true,
            "engines": {
                "node": "^18.0.0"
            }
        },
        "node_modules/@types/node": {
            "version": "18.17.5",
            "resolved": "http://localhost:4873/@types%2fnode/-/node-18.17.5.tgz",
            "integrity": "sha512-xNbS75FxH6P4UXTPUJp/zNPq6/xsfdJKussCWNOnz4aULWIRwMgP1LgaB5RiBnMX1DPCYenuqGZfnIAx5mbFLA==",
            "dev": true,
            "license": "MIT"
        },
        "node_modules/asynckit": {
            "version": "0.4.0",
            "resolved": "https://registry.npmjs.org/asynckit/-/asynckit-0.4.0.tgz",
            "integrity": "sha512-Oei9OH4tRh0YqU3GxhX79dM/mwVgvbZJaSNaRk+bshkj0S5cfHcgYakreBjrHwatXKbz+IoIdYLxrKim2MjW0Q=="
        },
        "node_modules/axios": {
            "version": "1.6.2",
            "resolved": "https://registry.npmjs.org/axios/-/axios-1.6.2.tgz",
            "integrity": "sha512-7i24Ri4pmDRfJTR7LDBhsOTtcm+9kjX5WiY1X3wIisx6G9So3pfMkEiU7emUBe46oceVImccTEM3k6C5dbVW8A==",
            "dependencies": {
                "follow-redirects": "^1.15.0",
                "form-data": "^4.0.0",
                "proxy-from-env": "^1.1.0"
            }
        },
        "node_modules/balanced-match": {
            "version": "1.0.2",
            "resolved": "http://localhost:4873/balanced-match/-/balanced-match-1.0.2.tgz",
            "integrity": "sha512-3oSeUO0TMV67hN1AmbXsK4yaqU7tjiHlbxRDZOpH0KW9+CeX4bRAaX0Anxt0tx2MrpRpWwQaPwIlISEJhYU5Pw==",
            "dev": true,
            "license": "MIT"
        },
        "node_modules/brace-expansion": {
            "version": "1.1.11",
            "resolved": "http://localhost:4873/brace-expansion/-/brace-expansion-1.1.11.tgz",
            "integrity": "sha512-iCuPHDFgrHX7H2vEI/5xpz07zSHB00TpugqhmYtVmMO6518mCuRMoOYFldEBl0g187ufozdaHgWKcYFb61qGiA==",
            "dev": true,
            "license": "MIT",
            "dependencies": {
                "balanced-match": "^1.0.0",
                "concat-map": "0.0.1"
            }
        },
        "node_modules/combined-stream": {
            "version": "1.0.8",
            "resolved": "https://registry.npmjs.org/combined-stream/-/combined-stream-1.0.8.tgz",
            "integrity": "sha512-FQN4MRfuJeHf7cBbBMJFXhKSDq+2kAArBlmRBvcvFE5BB1HZKXtSFASDhdlz9zOYwxh8lDdnvmMOe/+5cdoEdg==",
            "dependencies": {
                "delayed-stream": "~1.0.0"
            },
            "engines": {
                "node": ">= 0.8"
            }
        },
        "node_modules/concat-map": {
            "version": "0.0.1",
            "resolved": "http://localhost:4873/concat-map/-/concat-map-0.0.1.tgz",
            "integrity": "sha1-2Klr13/Wjfd5OnMDajug1UBdR3s=",
            "dev": true,
            "license": "MIT"
        },
        "node_modules/delayed-stream": {
            "version": "1.0.0",
            "resolved": "https://registry.npmjs.org/delayed-stream/-/delayed-stream-1.0.0.tgz",
            "integrity": "sha512-ZySD7Nf91aLB0RxL4KGrKHBXl7Eds1DAmEdcoVawXnLD7SDhpNgtuII2aAkg7a7QS41jxPSZ17p4VdGnMHk3MQ==",
            "engines": {
                "node": ">=0.4.0"
            }
        },
        "node_modules/follow-redirects": {
            "version": "1.15.2",
            "resolved": "http://localhost:4873/follow-redirects/-/follow-redirects-1.15.2.tgz",
            "integrity": "sha512-VQLG33o04KaQ8uYi2tVNbdrWp1QWxNNea+nmIB4EVM28v0hmP17z7aG1+wAkNzVq4KeXTq3221ye5qTJP91JwA==",
            "funding": [
                {
                    "type": "individual",
                    "url": "https://github.com/sponsors/RubenVerborgh"
                }
            ],
            "license": "MIT",
            "engines": {
                "node": ">=4.0"
            },
            "peerDependenciesMeta": {
                "debug": {
                    "optional": true
                }
            }
        },
        "node_modules/form-data": {
            "version": "4.0.0",
            "resolved": "https://registry.npmjs.org/form-data/-/form-data-4.0.0.tgz",
            "integrity": "sha512-ETEklSGi5t0QMZuiXoA/Q6vcnxcLQP5vdugSpuAyi6SVGi2clPPp+xgEhuMaHC+zGgn31Kd235W35f7Hykkaww==",
            "dependencies": {
                "asynckit": "^0.4.0",
                "combined-stream": "^1.0.8",
                "mime-types": "^2.1.12"
            },
            "engines": {
                "node": ">= 6"
            }
        },
        "node_modules/fs.realpath": {
            "version": "1.0.0",
            "resolved": "http://localhost:4873/fs.realpath/-/fs.realpath-1.0.0.tgz",
            "integrity": "sha1-FQStJSMVjKpA20onh8sBQRmU6k8=",
            "dev": true,
            "license": "ISC"
        },
        "node_modules/glob": {
            "version": "7.2.3",
            "resolved": "http://localhost:4873/glob/-/glob-7.2.3.tgz",
            "integrity": "sha512-nFR0zLpU2YCaRxwoCJvL6UvCH2JFyFVIvwTLsIf21AuHlMskA1hhTdk+LlYJtOlYt9v6dvszD2BGRqBL+iQK9Q==",
            "dev": true,
            "license": "ISC",
            "dependencies": {
                "fs.realpath": "^1.0.0",
                "inflight": "^1.0.4",
                "inherits": "2",
                "minimatch": "^3.1.1",
                "once": "^1.3.0",
                "path-is-absolute": "^1.0.0"
            },
            "engines": {
                "node": "*"
            },
            "funding": {
                "url": "https://github.com/sponsors/isaacs"
            }
        },
        "node_modules/inflight": {
            "version": "1.0.6",
            "resolved": "http://localhost:4873/inflight/-/inflight-1.0.6.tgz",
            "integrity": "sha1-Sb1jMdfQLQwJvJEKEHW6gWW1bfk=",
            "dev": true,
            "license": "ISC",
            "dependencies": {
                "once": "^1.3.0",
                "wrappy": "1"
            }
        },
        "node_modules/inherits": {
            "version": "2.0.4",
            "resolved": "http://localhost:4873/inherits/-/inherits-2.0.4.tgz",
            "integrity": "sha512-k/vGaX4/Yla3WzyMCvTQOXYeIHvqOKtnqBduzTHpzpQZzAskKMhZ2K+EnBiSM9zGSoIFeMpXKxa4dYeZIQqewQ==",
            "dev": true,
            "license": "ISC"
        },
        "node_modules/jasmine": {
            "version": "3.99.0",
            "resolved": "http://localhost:4873/jasmine/-/jasmine-3.99.0.tgz",
            "integrity": "sha512-YIThBuHzaIIcjxeuLmPD40SjxkEcc8i//sGMDKCgkRMVgIwRJf5qyExtlJpQeh7pkeoBSOe6lQEdg+/9uKg9mw==",
            "dev": true,
            "license": "MIT",
            "dependencies": {
                "glob": "^7.1.6",
                "jasmine-core": "~3.99.0"
            },
            "bin": {
                "jasmine": "bin/jasmine.js"
            }
        },
        "node_modules/jasmine-core": {
            "version": "3.99.1",
            "resolved": "http://localhost:4873/jasmine-core/-/jasmine-core-3.99.1.tgz",
            "integrity": "sha512-Hu1dmuoGcZ7AfyynN3LsfruwMbxMALMka+YtZeGoLuDEySVmVAPaonkNoBRIw/ectu8b9tVQCJNgp4a4knp+tg==",
            "dev": true,
            "license": "MIT"
        },
        "node_modules/mime-db": {
            "version": "1.52.0",
            "resolved": "https://registry.npmjs.org/mime-db/-/mime-db-1.52.0.tgz",
            "integrity": "sha512-sPU4uV7dYlvtWJxwwxHD0PuihVNiE7TyAbQ5SWxDCB9mUYvOgroQOwYQQOKPJ8CIbE+1ETVlOoK1UC2nU3gYvg==",
            "engines": {
                "node": ">= 0.6"
            }
        },
        "node_modules/mime-types": {
            "version": "2.1.35",
            "resolved": "https://registry.npmjs.org/mime-types/-/mime-types-2.1.35.tgz",
            "integrity": "sha512-ZDY+bPm5zTTF+YpCrAU9nK0UgICYPT0QtT1NZWFv4s++TNkcgVaT0g6+4R2uI4MjQjzysHB1zxuWL50hzaeXiw==",
            "dependencies": {
                "mime-db": "1.52.0"
            },
            "engines": {
                "node": ">= 0.6"
            }
        },
        "node_modules/minimatch": {
            "version": "3.1.2",
            "resolved": "http://localhost:4873/minimatch/-/minimatch-3.1.2.tgz",
            "integrity": "sha512-J7p63hRiAjw1NDEww1W7i37+ByIrOWO5XQQAzZ3VOcL0PNybwpfmV/N05zFAzwQ9USyEcX6t3UO+K5aqBQOIHw==",
            "dev": true,
            "license": "ISC",
            "dependencies": {
                "brace-expansion": "^1.1.7"
            },
            "engines": {
                "node": "*"
            }
        },
        "node_modules/once": {
            "version": "1.4.0",
            "resolved": "http://localhost:4873/once/-/once-1.4.0.tgz",
            "integrity": "sha1-WDsap3WWHUsROsF9nFC6753Xa9E=",
            "dev": true,
            "license": "ISC",
            "dependencies": {
                "wrappy": "1"
            }
        },
        "node_modules/path-is-absolute": {
            "version": "1.0.1",
            "resolved": "http://localhost:4873/path-is-absolute/-/path-is-absolute-1.0.1.tgz",
            "integrity": "sha1-F0uSaHNVNP+8es5r9TpanhtcX18=",
            "dev": true,
            "license": "MIT",
            "engines": {
                "node": ">=0.10.0"
            }
        },
        "node_modules/proxy-from-env": {
            "version": "1.1.0",
            "resolved": "https://registry.npmjs.org/proxy-from-env/-/proxy-from-env-1.1.0.tgz",
            "integrity": "sha512-D+zkORCbA9f1tdWRK0RaCR3GPv50cMxcrz4X8k5LTSUD1Dkw47mKJEZQNunItRTkWwgtaUSo1RVFRIG9ZXiFYg=="
        },
        "node_modules/uuid": {
            "version": "9.0.0",
            "resolved": "http://localhost:4873/uuid/-/uuid-9.0.0.tgz",
            "integrity": "sha512-MXcSTerfPa4uqyzStbRoTgt5XIe3x5+42+q1sDuy3R5MDk66URdLMOZe5aPX/SQd+kuYAh0FdP/pO28IkQyTeg==",
            "dev": true,
            "license": "MIT",
            "bin": {
                "uuid": "dist/bin/uuid"
            }
        },
        "node_modules/wrappy": {
            "version": "1.0.2",
            "resolved": "http://localhost:4873/wrappy/-/wrappy-1.0.2.tgz",
            "integrity": "sha1-tSQ9jz7BqjXxNkYFvA0QNuMKtp8=",
            "dev": true,
            "license": "ISC"
        }
    }
}
