{
    "name": "@mcma/azure-cosmos-db",
    "version": "0.16.3-beta8",
    "lockfileVersion": 3,
    "requires": true,
    "packages": {
        "": {
            "name": "@mcma/azure-cosmos-db",
            "version": "0.16.3-beta8",
            "license": "Apache-2.0",
            "dependencies": {
                "@azure/cosmos": "^3.17.3"
            },
            "devDependencies": {
                "@mcma/core": "0.16.3-beta8",
                "@mcma/data": "0.16.3-beta8",
                "@types/node": "^18.15.10",
                "jasmine": "^3.2.0"
            },
            "engines": {
                "node": "^18.0.0"
            },
            "peerDependencies": {
                "@mcma/core": "0.16.3-beta8",
                "@mcma/data": "0.16.3-beta8"
            }
        },
        "node_modules/@azure/abort-controller": {
            "version": "1.1.0",
            "resolved": "http://localhost:4873/@azure%2fabort-controller/-/abort-controller-1.1.0.tgz",
            "integrity": "sha512-TrRLIoSQVzfAJX9H1JeFjzAoDGcoK1IYX1UImfceTZpsyYfWr09Ss1aHW1y5TrrR3iq6RZLBwJ3E24uwPhwahw==",
            "license": "MIT",
            "dependencies": {
                "tslib": "^2.2.0"
            },
            "engines": {
                "node": ">=12.0.0"
            }
        },
        "node_modules/@azure/core-auth": {
            "version": "1.4.0",
            "resolved": "http://localhost:4873/@azure%2fcore-auth/-/core-auth-1.4.0.tgz",
            "integrity": "sha512-HFrcTgmuSuukRf/EdPmqBrc5l6Q5Uu+2TbuhaKbgaCpP2TfAeiNaQPAadxO+CYBRHGUzIDteMAjFspFLDLnKVQ==",
            "license": "MIT",
            "dependencies": {
                "@azure/abort-controller": "^1.0.0",
                "tslib": "^2.2.0"
            },
            "engines": {
                "node": ">=12.0.0"
            }
        },
        "node_modules/@azure/core-rest-pipeline": {
            "version": "1.9.2",
            "resolved": "http://localhost:4873/@azure%2fcore-rest-pipeline/-/core-rest-pipeline-1.9.2.tgz",
            "integrity": "sha512-8rXI6ircjenaLp+PkOFpo37tQ1PQfztZkfVj97BIF3RPxHAsoVSgkJtu3IK/bUEWcb7HzXSoyBe06M7ODRkRyw==",
            "license": "MIT",
            "dependencies": {
                "@azure/abort-controller": "^1.0.0",
                "@azure/core-auth": "^1.4.0",
                "@azure/core-tracing": "^1.0.1",
                "@azure/core-util": "^1.0.0",
                "@azure/logger": "^1.0.0",
                "form-data": "^4.0.0",
                "http-proxy-agent": "^5.0.0",
                "https-proxy-agent": "^5.0.0",
                "tslib": "^2.2.0",
                "uuid": "^8.3.0"
            },
            "engines": {
                "node": ">=12.0.0"
            }
        },
        "node_modules/@azure/core-tracing": {
            "version": "1.0.1",
            "resolved": "http://localhost:4873/@azure%2fcore-tracing/-/core-tracing-1.0.1.tgz",
            "integrity": "sha512-I5CGMoLtX+pI17ZdiFJZgxMJApsK6jjfm85hpgp3oazCdq5Wxgh4wMr7ge/TTWW1B5WBuvIOI1fMU/FrOAMKrw==",
            "license": "MIT",
            "dependencies": {
                "tslib": "^2.2.0"
            },
            "engines": {
                "node": ">=12.0.0"
            }
        },
        "node_modules/@azure/core-util": {
            "version": "1.1.0",
            "resolved": "http://localhost:4873/@azure%2fcore-util/-/core-util-1.1.0.tgz",
            "integrity": "sha512-+i93lNJNA3Pl3KSuC6xKP2jTL4YFeDfO6VNOaYdk0cppZcLCxt811gS878VsqsCisaltdhl9lhMzK5kbxCiF4w==",
            "license": "MIT",
            "dependencies": {
                "tslib": "^2.2.0"
            },
            "engines": {
                "node": ">=12.0.0"
            }
        },
        "node_modules/@azure/cosmos": {
            "version": "3.17.3",
            "resolved": "http://localhost:4873/@azure%2fcosmos/-/cosmos-3.17.3.tgz",
            "integrity": "sha512-wBglkQ6Irjv5Vo2iw8fd6eYj60WYRSSg4/0DBkeOP6BwQ4RA91znsOHd6s3qG6UAbNgYuzC9Nnq07vlFFZkHEw==",
            "license": "MIT",
            "dependencies": {
                "@azure/abort-controller": "^1.0.0",
                "@azure/core-auth": "^1.3.0",
                "@azure/core-rest-pipeline": "^1.2.0",
                "@azure/core-tracing": "^1.0.0",
                "debug": "^4.1.1",
                "fast-json-stable-stringify": "^2.1.0",
                "jsbi": "^3.1.3",
                "node-abort-controller": "^3.0.0",
                "priorityqueuejs": "^1.0.0",
                "semaphore": "^1.0.5",
                "tslib": "^2.2.0",
                "universal-user-agent": "^6.0.0",
                "uuid": "^8.3.0"
            },
            "engines": {
                "node": ">=14.0.0"
            }
        },
        "node_modules/@azure/logger": {
            "version": "1.0.3",
            "resolved": "http://localhost:4873/@azure%2flogger/-/logger-1.0.3.tgz",
            "integrity": "sha512-aK4s3Xxjrx3daZr3VylxejK3vG5ExXck5WOHDJ8in/k9AqlfIyFMMT1uG7u8mNjX+QRILTIn0/Xgschfh/dQ9g==",
            "license": "MIT",
            "dependencies": {
                "tslib": "^2.2.0"
            },
            "engines": {
                "node": ">=12.0.0"
            }
        },
        "node_modules/@mcma/core": {
            "version": "0.16.3-beta8",
            "resolved": "http://localhost:4873/@mcma%2fcore/-/core-0.16.3-beta8.tgz",
            "integrity": "sha512-GIcpDDSeDoyN5ujacKLt2RolaoakbVmmqGZEDQYN397x3XxANWVw+PyFYepNOhVSq0zYPlf/QK8fV4J1JEtDWg==",
            "dev": true,
            "license": "Apache-2.0",
            "dependencies": {
                "uuid": "^9.0.0"
            },
            "engines": {
                "node": "^18.0.0"
            }
        },
        "node_modules/@mcma/core/node_modules/uuid": {
            "version": "9.0.0",
            "resolved": "http://localhost:4873/uuid/-/uuid-9.0.0.tgz",
            "integrity": "sha512-MXcSTerfPa4uqyzStbRoTgt5XIe3x5+42+q1sDuy3R5MDk66URdLMOZe5aPX/SQd+kuYAh0FdP/pO28IkQyTeg==",
            "dev": true,
            "license": "MIT",
            "bin": {
                "uuid": "dist/bin/uuid"
            }
        },
        "node_modules/@mcma/data": {
            "version": "0.16.3-beta8",
            "resolved": "http://localhost:4873/@mcma%2fdata/-/data-0.16.3-beta8.tgz",
            "integrity": "sha512-+ztAfVpJa2NFjXQiO7lYkgDlHr0B29GcGXevF/O3LXhJCq9pOhyvJz/jatXpUdrrXDcqfGZeTmDjAKDwCPdb7A==",
            "dev": true,
            "license": "Apache-2.0",
            "engines": {
                "node": "^18.0.0"
            },
            "peerDependencies": {
                "@mcma/core": "0.16.3-beta8"
            }
        },
        "node_modules/@tootallnate/once": {
            "version": "2.0.0",
            "resolved": "http://localhost:4873/@tootallnate%2fonce/-/once-2.0.0.tgz",
            "integrity": "sha512-XCuKFP5PS55gnMVu3dty8KPatLqUoy/ZYzDzAGCQ8JNFCkLXzmI7vNHCR+XpbZaMWQK/vQubr7PkYq8g470J/A==",
            "license": "MIT",
            "engines": {
                "node": ">= 10"
            }
        },
        "node_modules/@types/node": {
            "version": "18.15.10",
            "resolved": "http://localhost:4873/@types%2fnode/-/node-18.15.10.tgz",
            "integrity": "sha512-9avDaQJczATcXgfmMAW3MIWArOO7A+m90vuCFLr8AotWf8igO/mRoYukrk2cqZVtv38tHs33retzHEilM7FpeQ==",
            "dev": true,
            "license": "MIT"
        },
        "node_modules/agent-base": {
            "version": "6.0.2",
            "resolved": "http://localhost:4873/agent-base/-/agent-base-6.0.2.tgz",
            "integrity": "sha512-RZNwNclF7+MS/8bDg70amg32dyeZGZxiDuQmZxKLAlQjr3jGyLx+4Kkk58UO7D2QdgFIQCovuSuZESne6RG6XQ==",
            "license": "MIT",
            "dependencies": {
                "debug": "4"
            },
            "engines": {
                "node": ">= 6.0.0"
            }
        },
        "node_modules/asynckit": {
            "version": "0.4.0",
            "resolved": "http://localhost:4873/asynckit/-/asynckit-0.4.0.tgz",
            "integrity": "sha1-x57Zf380y48robyXkLzDZkdLS3k=",
            "license": "MIT"
        },
        "node_modules/balanced-match": {
            "version": "1.0.2",
            "resolved": "http://localhost:4873/balanced-match/-/balanced-match-1.0.2.tgz",
            "integrity": "sha512-3oSeUO0TMV67hN1AmbXsK4yaqU7tjiHlbxRDZOpH0KW9+CeX4bRAaX0Anxt0tx2MrpRpWwQaPwIlISEJhYU5Pw==",
            "dev": true,
            "license": "MIT"
        },
        "node_modules/brace-expansion": {
            "version": "1.1.11",
            "resolved": "http://localhost:4873/brace-expansion/-/brace-expansion-1.1.11.tgz",
            "integrity": "sha512-iCuPHDFgrHX7H2vEI/5xpz07zSHB00TpugqhmYtVmMO6518mCuRMoOYFldEBl0g187ufozdaHgWKcYFb61qGiA==",
            "dev": true,
            "license": "MIT",
            "dependencies": {
                "balanced-match": "^1.0.0",
                "concat-map": "0.0.1"
            }
        },
        "node_modules/combined-stream": {
            "version": "1.0.8",
            "resolved": "http://localhost:4873/combined-stream/-/combined-stream-1.0.8.tgz",
            "integrity": "sha512-FQN4MRfuJeHf7cBbBMJFXhKSDq+2kAArBlmRBvcvFE5BB1HZKXtSFASDhdlz9zOYwxh8lDdnvmMOe/+5cdoEdg==",
            "license": "MIT",
            "dependencies": {
                "delayed-stream": "~1.0.0"
            },
            "engines": {
                "node": ">= 0.8"
            }
        },
        "node_modules/concat-map": {
            "version": "0.0.1",
            "resolved": "http://localhost:4873/concat-map/-/concat-map-0.0.1.tgz",
            "integrity": "sha1-2Klr13/Wjfd5OnMDajug1UBdR3s=",
            "dev": true,
            "license": "MIT"
        },
        "node_modules/debug": {
            "version": "4.3.4",
            "resolved": "http://localhost:4873/debug/-/debug-4.3.4.tgz",
            "integrity": "sha512-PRWFHuSU3eDtQJPvnNY7Jcket1j0t5OuOsFzPPzsekD52Zl8qUfFIPEiswXqIvHWGVHOgX+7G/vCNNhehwxfkQ==",
            "license": "MIT",
            "dependencies": {
                "ms": "2.1.2"
            },
            "engines": {
                "node": ">=6.0"
            },
            "peerDependenciesMeta": {
                "supports-color": {
                    "optional": true
                }
            }
        },
        "node_modules/delayed-stream": {
            "version": "1.0.0",
            "resolved": "http://localhost:4873/delayed-stream/-/delayed-stream-1.0.0.tgz",
            "integrity": "sha1-3zrhmayt+31ECqrgsp4icrJOxhk=",
            "license": "MIT",
            "engines": {
                "node": ">=0.4.0"
            }
        },
        "node_modules/fast-json-stable-stringify": {
            "version": "2.1.0",
            "resolved": "http://localhost:4873/fast-json-stable-stringify/-/fast-json-stable-stringify-2.1.0.tgz",
            "integrity": "sha512-lhd/wF+Lk98HZoTCtlVraHtfh5XYijIjalXck7saUtuanSDyLMxnHhSXEDJqHxD7msR8D0uCmqlkwjCV8xvwHw==",
            "license": "MIT"
        },
        "node_modules/form-data": {
            "version": "4.0.0",
            "resolved": "http://localhost:4873/form-data/-/form-data-4.0.0.tgz",
            "integrity": "sha512-ETEklSGi5t0QMZuiXoA/Q6vcnxcLQP5vdugSpuAyi6SVGi2clPPp+xgEhuMaHC+zGgn31Kd235W35f7Hykkaww==",
            "license": "MIT",
            "dependencies": {
                "asynckit": "^0.4.0",
                "combined-stream": "^1.0.8",
                "mime-types": "^2.1.12"
            },
            "engines": {
                "node": ">= 6"
            }
        },
        "node_modules/fs.realpath": {
            "version": "1.0.0",
            "resolved": "http://localhost:4873/fs.realpath/-/fs.realpath-1.0.0.tgz",
            "integrity": "sha1-FQStJSMVjKpA20onh8sBQRmU6k8=",
            "dev": true,
            "license": "ISC"
        },
        "node_modules/glob": {
            "version": "7.2.3",
            "resolved": "http://localhost:4873/glob/-/glob-7.2.3.tgz",
            "integrity": "sha512-nFR0zLpU2YCaRxwoCJvL6UvCH2JFyFVIvwTLsIf21AuHlMskA1hhTdk+LlYJtOlYt9v6dvszD2BGRqBL+iQK9Q==",
            "dev": true,
            "license": "ISC",
            "dependencies": {
                "fs.realpath": "^1.0.0",
                "inflight": "^1.0.4",
                "inherits": "2",
                "minimatch": "^3.1.1",
                "once": "^1.3.0",
                "path-is-absolute": "^1.0.0"
            },
            "engines": {
                "node": "*"
            },
            "funding": {
                "url": "https://github.com/sponsors/isaacs"
            }
        },
        "node_modules/http-proxy-agent": {
            "version": "5.0.0",
            "resolved": "http://localhost:4873/http-proxy-agent/-/http-proxy-agent-5.0.0.tgz",
            "integrity": "sha512-n2hY8YdoRE1i7r6M0w9DIw5GgZN0G25P8zLCRQ8rjXtTU3vsNFBI/vWK/UIeE6g5MUUz6avwAPXmL6Fy9D/90w==",
            "license": "MIT",
            "dependencies": {
                "@tootallnate/once": "2",
                "agent-base": "6",
                "debug": "4"
            },
            "engines": {
                "node": ">= 6"
            }
        },
        "node_modules/https-proxy-agent": {
            "version": "5.0.1",
            "resolved": "http://localhost:4873/https-proxy-agent/-/https-proxy-agent-5.0.1.tgz",
            "integrity": "sha512-dFcAjpTQFgoLMzC2VwU+C/CbS7uRL0lWmxDITmqm7C+7F0Odmj6s9l6alZc6AELXhrnggM2CeWSXHGOdX2YtwA==",
            "license": "MIT",
            "dependencies": {
                "agent-base": "6",
                "debug": "4"
            },
            "engines": {
                "node": ">= 6"
            }
        },
        "node_modules/inflight": {
            "version": "1.0.6",
            "resolved": "http://localhost:4873/inflight/-/inflight-1.0.6.tgz",
            "integrity": "sha1-Sb1jMdfQLQwJvJEKEHW6gWW1bfk=",
            "dev": true,
            "license": "ISC",
            "dependencies": {
                "once": "^1.3.0",
                "wrappy": "1"
            }
        },
        "node_modules/inherits": {
            "version": "2.0.4",
            "resolved": "http://localhost:4873/inherits/-/inherits-2.0.4.tgz",
            "integrity": "sha512-k/vGaX4/Yla3WzyMCvTQOXYeIHvqOKtnqBduzTHpzpQZzAskKMhZ2K+EnBiSM9zGSoIFeMpXKxa4dYeZIQqewQ==",
            "dev": true,
            "license": "ISC"
        },
        "node_modules/jasmine": {
            "version": "3.99.0",
            "resolved": "http://localhost:4873/jasmine/-/jasmine-3.99.0.tgz",
            "integrity": "sha512-YIThBuHzaIIcjxeuLmPD40SjxkEcc8i//sGMDKCgkRMVgIwRJf5qyExtlJpQeh7pkeoBSOe6lQEdg+/9uKg9mw==",
            "dev": true,
            "license": "MIT",
            "dependencies": {
                "glob": "^7.1.6",
                "jasmine-core": "~3.99.0"
            },
            "bin": {
                "jasmine": "bin/jasmine.js"
            }
        },
        "node_modules/jasmine-core": {
            "version": "3.99.1",
            "resolved": "http://localhost:4873/jasmine-core/-/jasmine-core-3.99.1.tgz",
            "integrity": "sha512-Hu1dmuoGcZ7AfyynN3LsfruwMbxMALMka+YtZeGoLuDEySVmVAPaonkNoBRIw/ectu8b9tVQCJNgp4a4knp+tg==",
            "dev": true,
            "license": "MIT"
        },
        "node_modules/jsbi": {
            "version": "3.2.5",
            "resolved": "http://localhost:4873/jsbi/-/jsbi-3.2.5.tgz",
            "integrity": "sha512-aBE4n43IPvjaddScbvWRA2YlTzKEynHzu7MqOyTipdHucf/VxS63ViCjxYRg86M8Rxwbt/GfzHl1kKERkt45fQ==",
            "license": "Apache-2.0"
        },
        "node_modules/mime-db": {
            "version": "1.52.0",
            "resolved": "http://localhost:4873/mime-db/-/mime-db-1.52.0.tgz",
            "integrity": "sha512-sPU4uV7dYlvtWJxwwxHD0PuihVNiE7TyAbQ5SWxDCB9mUYvOgroQOwYQQOKPJ8CIbE+1ETVlOoK1UC2nU3gYvg==",
            "license": "MIT",
            "engines": {
                "node": ">= 0.6"
            }
        },
        "node_modules/mime-types": {
            "version": "2.1.35",
            "resolved": "http://localhost:4873/mime-types/-/mime-types-2.1.35.tgz",
            "integrity": "sha512-ZDY+bPm5zTTF+YpCrAU9nK0UgICYPT0QtT1NZWFv4s++TNkcgVaT0g6+4R2uI4MjQjzysHB1zxuWL50hzaeXiw==",
            "license": "MIT",
            "dependencies": {
                "mime-db": "1.52.0"
            },
            "engines": {
                "node": ">= 0.6"
            }
        },
        "node_modules/minimatch": {
            "version": "3.1.2",
            "resolved": "http://localhost:4873/minimatch/-/minimatch-3.1.2.tgz",
            "integrity": "sha512-J7p63hRiAjw1NDEww1W7i37+ByIrOWO5XQQAzZ3VOcL0PNybwpfmV/N05zFAzwQ9USyEcX6t3UO+K5aqBQOIHw==",
            "dev": true,
            "license": "ISC",
            "dependencies": {
                "brace-expansion": "^1.1.7"
            },
            "engines": {
                "node": "*"
            }
        },
        "node_modules/ms": {
            "version": "2.1.2",
            "resolved": "http://localhost:4873/ms/-/ms-2.1.2.tgz",
            "integrity": "sha512-sGkPx+VjMtmA6MX27oA4FBFELFCZZ4S4XqeGOXCv68tT+jb3vk/RyaKWP0PTKyWtmLSM0b+adUTEvbs1PEaH2w==",
            "license": "MIT"
        },
        "node_modules/node-abort-controller": {
            "version": "3.0.1",
            "resolved": "http://localhost:4873/node-abort-controller/-/node-abort-controller-3.0.1.tgz",
            "integrity": "sha512-/ujIVxthRs+7q6hsdjHMaj8hRG9NuWmwrz+JdRwZ14jdFoKSkm+vDsCbF9PLpnSqjaWQJuTmVtcWHNLr+vrOFw==",
            "license": "MIT"
        },
        "node_modules/once": {
            "version": "1.4.0",
            "resolved": "http://localhost:4873/once/-/once-1.4.0.tgz",
            "integrity": "sha1-WDsap3WWHUsROsF9nFC6753Xa9E=",
            "dev": true,
            "license": "ISC",
            "dependencies": {
                "wrappy": "1"
            }
        },
        "node_modules/path-is-absolute": {
            "version": "1.0.1",
            "resolved": "http://localhost:4873/path-is-absolute/-/path-is-absolute-1.0.1.tgz",
            "integrity": "sha1-F0uSaHNVNP+8es5r9TpanhtcX18=",
            "dev": true,
            "license": "MIT",
            "engines": {
                "node": ">=0.10.0"
            }
        },
        "node_modules/priorityqueuejs": {
            "version": "1.0.0",
            "resolved": "http://localhost:4873/priorityqueuejs/-/priorityqueuejs-1.0.0.tgz",
            "integrity": "sha1-LuTyPCVgkT4IwHzlzN1t498sWvg=",
            "license": "MIT"
        },
        "node_modules/semaphore": {
            "version": "1.1.0",
            "resolved": "http://localhost:4873/semaphore/-/semaphore-1.1.0.tgz",
            "integrity": "sha512-O4OZEaNtkMd/K0i6js9SL+gqy0ZCBMgUvlSqHKi4IBdjhe7wB8pwztUk1BbZ1fmrvpwFrPbHzqd2w5pTcJH6LA==",
            "engines": {
                "node": ">=0.8.0"
            }
        },
        "node_modules/tslib": {
            "version": "2.4.0",
            "resolved": "http://localhost:4873/tslib/-/tslib-2.4.0.tgz",
            "integrity": "sha512-d6xOpEDfsi2CZVlPQzGeux8XMwLT9hssAsaPYExaQMuYskwb+x1x7J371tWlbBdWHroy99KnVB6qIkUbs5X3UQ==",
            "license": "0BSD"
        },
        "node_modules/universal-user-agent": {
            "version": "6.0.0",
            "resolved": "http://localhost:4873/universal-user-agent/-/universal-user-agent-6.0.0.tgz",
            "integrity": "sha512-isyNax3wXoKaulPDZWHQqbmIx1k2tb9fb3GGDBRxCscfYV2Ch7WxPArBsFEG8s/safwXTT7H4QGhaIkTp9447w==",
            "license": "ISC"
        },
        "node_modules/uuid": {
            "version": "8.3.2",
            "resolved": "http://localhost:4873/uuid/-/uuid-8.3.2.tgz",
            "integrity": "sha512-+NYs2QeMWy+GWFOEm9xnn6HCDp0l7QBD7ml8zLUmJ+93Q5NF0NocErnwkTkXVFNiX3/fpC6afS8Dhb/gz7R7eg==",
            "license": "MIT",
            "bin": {
                "uuid": "dist/bin/uuid"
            }
        },
        "node_modules/wrappy": {
            "version": "1.0.2",
            "resolved": "http://localhost:4873/wrappy/-/wrappy-1.0.2.tgz",
            "integrity": "sha1-tSQ9jz7BqjXxNkYFvA0QNuMKtp8=",
            "dev": true,
            "license": "ISC"
        }
    }
}
