{
    "name": "@mcma/azure-logger",
    "version": "0.16.15",
    "lockfileVersion": 3,
    "requires": true,
    "packages": {
        "": {
            "name": "@mcma/azure-logger",
            "version": "0.16.15",
            "license": "Apache-2.0",
            "dependencies": {
                "applicationinsights": "^2.7.0"
            },
            "devDependencies": {
                "@azure/functions": "^3.5.1",
                "@mcma/core": "0.16.15",
                "@types/node": "^18.15.10",
                "jasmine": "^3.2.0"
            },
            "engines": {
                "node": "^18.0.0"
            },
            "peerDependencies": {
                "@mcma/core": "0.16.15"
            }
        },
        "node_modules/@azure/abort-controller": {
            "version": "1.1.0",
            "resolved": "http://localhost:4873/@azure%2fabort-controller/-/abort-controller-1.1.0.tgz",
            "integrity": "sha512-TrRLIoSQVzfAJX9H1JeFjzAoDGcoK1IYX1UImfceTZpsyYfWr09Ss1aHW1y5TrrR3iq6RZLBwJ3E24uwPhwahw==",
            "license": "MIT",
            "dependencies": {
                "tslib": "^2.2.0"
            },
            "engines": {
                "node": ">=12.0.0"
            }
        },
        "node_modules/@azure/core-auth": {
            "version": "1.5.0",
            "resolved": "http://localhost:4873/@azure%2fcore-auth/-/core-auth-1.5.0.tgz",
            "integrity": "sha512-udzoBuYG1VBoHVohDTrvKjyzel34zt77Bhp7dQntVGGD0ehVq48owENbBG8fIgkHRNUBQH5k1r0hpoMu5L8+kw==",
            "license": "MIT",
            "dependencies": {
                "@azure/abort-controller": "^1.0.0",
                "@azure/core-util": "^1.1.0",
                "tslib": "^2.2.0"
            },
            "engines": {
                "node": ">=14.0.0"
            }
        },
        "node_modules/@azure/core-rest-pipeline": {
            "version": "1.10.1",
            "resolved": "http://localhost:4873/@azure%2fcore-rest-pipeline/-/core-rest-pipeline-1.10.1.tgz",
            "integrity": "sha512-Kji9k6TOFRDB5ZMTw8qUf2IJ+CeJtsuMdAHox9eqpTf1cefiNMpzrfnF6sINEBZJsaVaWgQ0o48B6kcUH68niA==",
            "license": "MIT",
            "dependencies": {
                "@azure/abort-controller": "^1.0.0",
                "@azure/core-auth": "^1.4.0",
                "@azure/core-tracing": "^1.0.1",
                "@azure/core-util": "^1.0.0",
                "@azure/logger": "^1.0.0",
                "form-data": "^4.0.0",
                "http-proxy-agent": "^5.0.0",
                "https-proxy-agent": "^5.0.0",
                "tslib": "^2.2.0",
                "uuid": "^8.3.0"
            },
            "engines": {
                "node": ">=14.0.0"
            }
        },
        "node_modules/@azure/core-tracing": {
            "version": "1.0.1",
            "resolved": "http://localhost:4873/@azure%2fcore-tracing/-/core-tracing-1.0.1.tgz",
            "integrity": "sha512-I5CGMoLtX+pI17ZdiFJZgxMJApsK6jjfm85hpgp3oazCdq5Wxgh4wMr7ge/TTWW1B5WBuvIOI1fMU/FrOAMKrw==",
            "license": "MIT",
            "dependencies": {
                "tslib": "^2.2.0"
            },
            "engines": {
                "node": ">=12.0.0"
            }
        },
        "node_modules/@azure/core-util": {
            "version": "1.2.0",
            "resolved": "http://localhost:4873/@azure%2fcore-util/-/core-util-1.2.0.tgz",
            "integrity": "sha512-ffGIw+Qs8bNKNLxz5UPkz4/VBM/EZY07mPve1ZYFqYUdPwFqRj0RPk0U7LZMOfT7GCck9YjuT1Rfp1PApNl1ng==",
            "license": "MIT",
            "dependencies": {
                "@azure/abort-controller": "^1.0.0",
                "tslib": "^2.2.0"
            },
            "engines": {
                "node": ">=14.0.0"
            }
        },
        "node_modules/@azure/functions": {
            "version": "3.5.1",
            "resolved": "http://localhost:4873/@azure%2ffunctions/-/functions-3.5.1.tgz",
            "integrity": "sha512-6UltvJiuVpvHSwLcK/Zc6NfUwlkDLOFFx97BHCJzlWNsfiWwzwmTsxJXg4kE/LemKTHxPpfoPE+kOJ8hAdiKFQ==",
            "dev": true,
            "license": "MIT",
            "dependencies": {
                "iconv-lite": "^0.6.3",
                "long": "^4.0.0",
                "uuid": "^8.3.0"
            }
        },
        "node_modules/@azure/logger": {
            "version": "1.0.4",
            "resolved": "http://localhost:4873/@azure%2flogger/-/logger-1.0.4.tgz",
            "integrity": "sha512-ustrPY8MryhloQj7OWGe+HrYx+aoiOxzbXTtgblbV3xwCqpzUK36phH3XNHQKj3EPonyFUuDTfR3qFhTEAuZEg==",
            "license": "MIT",
            "dependencies": {
                "tslib": "^2.2.0"
            },
            "engines": {
                "node": ">=14.0.0"
            }
        },
        "node_modules/@azure/opentelemetry-instrumentation-azure-sdk": {
            "version": "1.0.0-beta.5",
            "resolved": "http://localhost:4873/@azure%2fopentelemetry-instrumentation-azure-sdk/-/opentelemetry-instrumentation-azure-sdk-1.0.0-beta.5.tgz",
            "integrity": "sha512-fsUarKQDvjhmBO4nIfaZkfNSApm1hZBzcvpNbSrXdcUBxu7lRvKsV5DnwszX7cnhLyVOW9yl1uigtRQ1yDANjA==",
            "license": "MIT",
            "dependencies": {
                "@azure/core-tracing": "^1.0.0",
                "@azure/logger": "^1.0.0",
                "@opentelemetry/api": "^1.4.1",
                "@opentelemetry/core": "^1.15.2",
                "@opentelemetry/instrumentation": "^0.41.2",
                "tslib": "^2.2.0"
            },
            "engines": {
                "node": ">=14.0.0"
            }
        },
        "node_modules/@mcma/core": {
            "version": "0.16.15",
            "resolved": "https://registry.npmjs.org/@mcma/core/-/core-0.16.15.tgz",
            "integrity": "sha512-VFDWM+XpLAMlxGfbSlFwES/B1Yg9a3qIsvj2w5fvrpXQGkLZ9lTcwL1TN3YChXf5H9mfXEEwRNJNPNPm/UkgDg==",
            "dev": true,
            "dependencies": {
                "uuid": "^9.0.0"
            },
            "engines": {
                "node": "^18.0.0"
            }
        },
        "node_modules/@mcma/core/node_modules/uuid": {
            "version": "9.0.0",
            "resolved": "http://localhost:4873/uuid/-/uuid-9.0.0.tgz",
            "integrity": "sha512-MXcSTerfPa4uqyzStbRoTgt5XIe3x5+42+q1sDuy3R5MDk66URdLMOZe5aPX/SQd+kuYAh0FdP/pO28IkQyTeg==",
            "dev": true,
            "license": "MIT",
            "bin": {
                "uuid": "dist/bin/uuid"
            }
        },
        "node_modules/@microsoft/applicationinsights-web-snippet": {
            "version": "1.0.1",
            "resolved": "http://localhost:4873/@microsoft%2fapplicationinsights-web-snippet/-/applicationinsights-web-snippet-1.0.1.tgz",
            "integrity": "sha512-2IHAOaLauc8qaAitvWS+U931T+ze+7MNWrDHY47IENP5y2UA0vqJDu67kWZDdpCN1fFC77sfgfB+HV7SrKshnQ==",
            "license": "MIT"
        },
        "node_modules/@opentelemetry/api": {
            "version": "1.4.1",
            "resolved": "http://localhost:4873/@opentelemetry%2fapi/-/api-1.4.1.tgz",
            "integrity": "sha512-O2yRJce1GOc6PAy3QxFM4NzFiWzvScDC1/5ihYBL6BUEVdq0XMWN01sppE+H6bBXbaFYipjwFLEWLg5PaSOThA==",
            "license": "Apache-2.0",
            "engines": {
                "node": ">=8.0.0"
            }
        },
        "node_modules/@opentelemetry/core": {
            "version": "1.15.2",
            "resolved": "http://localhost:4873/@opentelemetry%2fcore/-/core-1.15.2.tgz",
            "integrity": "sha512-+gBv15ta96WqkHZaPpcDHiaz0utiiHZVfm2YOYSqFGrUaJpPkMoSuLBB58YFQGi6Rsb9EHos84X6X5+9JspmLw==",
            "license": "Apache-2.0",
            "dependencies": {
                "@opentelemetry/semantic-conventions": "1.15.2"
            },
            "engines": {
                "node": ">=14"
            },
            "peerDependencies": {
                "@opentelemetry/api": ">=1.0.0 <1.5.0"
            }
        },
        "node_modules/@opentelemetry/instrumentation": {
            "version": "0.41.2",
            "resolved": "http://localhost:4873/@opentelemetry%2finstrumentation/-/instrumentation-0.41.2.tgz",
            "integrity": "sha512-rxU72E0pKNH6ae2w5+xgVYZLzc5mlxAbGzF4shxMVK8YC2QQsfN38B2GPbj0jvrKWWNUElfclQ+YTykkNg/grw==",
            "license": "Apache-2.0",
            "dependencies": {
                "@types/shimmer": "^1.0.2",
                "import-in-the-middle": "1.4.2",
                "require-in-the-middle": "^7.1.1",
                "semver": "^7.5.1",
                "shimmer": "^1.2.1"
            },
            "engines": {
                "node": ">=14"
            },
            "peerDependencies": {
                "@opentelemetry/api": "^1.3.0"
            }
        },
        "node_modules/@opentelemetry/resources": {
            "version": "1.15.2",
            "resolved": "http://localhost:4873/@opentelemetry%2fresources/-/resources-1.15.2.tgz",
            "integrity": "sha512-xmMRLenT9CXmm5HMbzpZ1hWhaUowQf8UB4jMjFlAxx1QzQcsD3KFNAVX/CAWzFPtllTyTplrA4JrQ7sCH3qmYw==",
            "license": "Apache-2.0",
            "dependencies": {
                "@opentelemetry/core": "1.15.2",
                "@opentelemetry/semantic-conventions": "1.15.2"
            },
            "engines": {
                "node": ">=14"
            },
            "peerDependencies": {
                "@opentelemetry/api": ">=1.0.0 <1.5.0"
            }
        },
        "node_modules/@opentelemetry/sdk-trace-base": {
            "version": "1.15.2",
            "resolved": "http://localhost:4873/@opentelemetry%2fsdk-trace-base/-/sdk-trace-base-1.15.2.tgz",
            "integrity": "sha512-BEaxGZbWtvnSPchV98qqqqa96AOcb41pjgvhfzDij10tkBhIu9m0Jd6tZ1tJB5ZHfHbTffqYVYE0AOGobec/EQ==",
            "license": "Apache-2.0",
            "dependencies": {
                "@opentelemetry/core": "1.15.2",
                "@opentelemetry/resources": "1.15.2",
                "@opentelemetry/semantic-conventions": "1.15.2"
            },
            "engines": {
                "node": ">=14"
            },
            "peerDependencies": {
                "@opentelemetry/api": ">=1.0.0 <1.5.0"
            }
        },
        "node_modules/@opentelemetry/semantic-conventions": {
            "version": "1.15.2",
            "resolved": "http://localhost:4873/@opentelemetry%2fsemantic-conventions/-/semantic-conventions-1.15.2.tgz",
            "integrity": "sha512-CjbOKwk2s+3xPIMcd5UNYQzsf+v94RczbdNix9/kQh38WiQkM90sUOi3if8eyHFgiBjBjhwXrA7W3ydiSQP9mw==",
            "license": "Apache-2.0",
            "engines": {
                "node": ">=14"
            }
        },
        "node_modules/@tootallnate/once": {
            "version": "2.0.0",
            "resolved": "http://localhost:4873/@tootallnate%2fonce/-/once-2.0.0.tgz",
            "integrity": "sha512-XCuKFP5PS55gnMVu3dty8KPatLqUoy/ZYzDzAGCQ8JNFCkLXzmI7vNHCR+XpbZaMWQK/vQubr7PkYq8g470J/A==",
            "license": "MIT",
            "engines": {
                "node": ">= 10"
            }
        },
        "node_modules/@types/node": {
            "version": "18.17.5",
            "resolved": "http://localhost:4873/@types%2fnode/-/node-18.17.5.tgz",
            "integrity": "sha512-xNbS75FxH6P4UXTPUJp/zNPq6/xsfdJKussCWNOnz4aULWIRwMgP1LgaB5RiBnMX1DPCYenuqGZfnIAx5mbFLA==",
            "dev": true,
            "license": "MIT"
        },
        "node_modules/@types/shimmer": {
            "version": "1.0.2",
            "resolved": "http://localhost:4873/@types%2fshimmer/-/shimmer-1.0.2.tgz",
            "integrity": "sha512-dKkr1bTxbEsFlh2ARpKzcaAmsYixqt9UyCdoEZk8rHyE4iQYcDCyvSjDSf7JUWJHlJiTtbIoQjxKh6ViywqDAg==",
            "license": "MIT"
        },
        "node_modules/acorn": {
            "version": "8.10.0",
            "resolved": "http://localhost:4873/acorn/-/acorn-8.10.0.tgz",
            "integrity": "sha512-F0SAmZ8iUtS//m8DmCTA0jlh6TDKkHQyK6xc6V4KDTyZKA9dnvX9/3sRTVQrWm79glUAZbnmmNcdYwUIHWVybw==",
            "license": "MIT",
            "bin": {
                "acorn": "bin/acorn"
            },
            "engines": {
                "node": ">=0.4.0"
            }
        },
        "node_modules/acorn-import-assertions": {
            "version": "1.9.0",
            "resolved": "http://localhost:4873/acorn-import-assertions/-/acorn-import-assertions-1.9.0.tgz",
            "integrity": "sha512-cmMwop9x+8KFhxvKrKfPYmN6/pKTYYHBqLa0DfvVZcKMJWNyWLnaqND7dx/qn66R7ewM1UX5XMaDVP5wlVTaVA==",
            "license": "MIT",
            "peerDependencies": {
                "acorn": "^8"
            }
        },
        "node_modules/agent-base": {
            "version": "6.0.2",
            "resolved": "http://localhost:4873/agent-base/-/agent-base-6.0.2.tgz",
            "integrity": "sha512-RZNwNclF7+MS/8bDg70amg32dyeZGZxiDuQmZxKLAlQjr3jGyLx+4Kkk58UO7D2QdgFIQCovuSuZESne6RG6XQ==",
            "license": "MIT",
            "dependencies": {
                "debug": "4"
            },
            "engines": {
                "node": ">= 6.0.0"
            }
        },
        "node_modules/applicationinsights": {
            "version": "2.7.0",
            "resolved": "http://localhost:4873/applicationinsights/-/applicationinsights-2.7.0.tgz",
            "integrity": "sha512-/vV5X6M4TlRA5NxNZAdCE0gukzfK24mb3z18D5Kl/CyIfSVIkafsIji3mK+Zi5q+7dn6H1CkFazlcnLf40anHw==",
            "license": "MIT",
            "dependencies": {
                "@azure/core-auth": "^1.4.0",
                "@azure/core-rest-pipeline": "1.10.1",
                "@azure/core-util": "1.2.0",
                "@azure/opentelemetry-instrumentation-azure-sdk": "^1.0.0-beta.3",
                "@microsoft/applicationinsights-web-snippet": "^1.0.1",
                "@opentelemetry/api": "^1.0.4",
                "@opentelemetry/core": "^1.12.0",
                "@opentelemetry/sdk-trace-base": "^1.12.0",
                "@opentelemetry/semantic-conventions": "^1.12.0",
                "cls-hooked": "^4.2.2",
                "continuation-local-storage": "^3.2.1",
                "diagnostic-channel": "1.1.0",
                "diagnostic-channel-publishers": "1.0.6"
            },
            "engines": {
                "node": ">=8.0.0"
            },
            "peerDependencies": {
                "applicationinsights-native-metrics": "*"
            },
            "peerDependenciesMeta": {
                "applicationinsights-native-metrics": {
                    "optional": true
                }
            }
        },
        "node_modules/async-hook-jl": {
            "version": "1.7.6",
            "resolved": "http://localhost:4873/async-hook-jl/-/async-hook-jl-1.7.6.tgz",
            "integrity": "sha512-gFaHkFfSxTjvoxDMYqDuGHlcRyUuamF8s+ZTtJdDzqjws4mCt7v0vuV79/E2Wr2/riMQgtG4/yUtXWs1gZ7JMg==",
            "license": "MIT",
            "dependencies": {
                "stack-chain": "^1.3.7"
            },
            "engines": {
                "node": "^4.7 || >=6.9 || >=7.3"
            }
        },
        "node_modules/async-listener": {
            "version": "0.6.10",
            "resolved": "http://localhost:4873/async-listener/-/async-listener-0.6.10.tgz",
            "integrity": "sha512-gpuo6xOyF4D5DE5WvyqZdPA3NGhiT6Qf07l7DCB0wwDEsLvDIbCr6j9S5aj5Ch96dLace5tXVzWBZkxU/c5ohw==",
            "license": "BSD-2-Clause",
            "dependencies": {
                "semver": "^5.3.0",
                "shimmer": "^1.1.0"
            },
            "engines": {
                "node": "<=0.11.8 || >0.11.10"
            }
        },
        "node_modules/async-listener/node_modules/semver": {
            "version": "5.7.2",
            "resolved": "http://localhost:4873/semver/-/semver-5.7.2.tgz",
            "integrity": "sha512-cBznnQ9KjJqU67B52RMC65CMarK2600WFnbkcaiwWq3xy/5haFJlshgnpjovMVJ+Hff49d8GEn0b87C5pDQ10g==",
            "license": "ISC",
            "bin": {
                "semver": "bin/semver"
            }
        },
        "node_modules/asynckit": {
            "version": "0.4.0",
            "resolved": "http://localhost:4873/asynckit/-/asynckit-0.4.0.tgz",
            "integrity": "sha1-x57Zf380y48robyXkLzDZkdLS3k=",
            "license": "MIT"
        },
        "node_modules/balanced-match": {
            "version": "1.0.2",
            "resolved": "http://localhost:4873/balanced-match/-/balanced-match-1.0.2.tgz",
            "integrity": "sha512-3oSeUO0TMV67hN1AmbXsK4yaqU7tjiHlbxRDZOpH0KW9+CeX4bRAaX0Anxt0tx2MrpRpWwQaPwIlISEJhYU5Pw==",
            "dev": true,
            "license": "MIT"
        },
        "node_modules/brace-expansion": {
            "version": "1.1.11",
            "resolved": "http://localhost:4873/brace-expansion/-/brace-expansion-1.1.11.tgz",
            "integrity": "sha512-iCuPHDFgrHX7H2vEI/5xpz07zSHB00TpugqhmYtVmMO6518mCuRMoOYFldEBl0g187ufozdaHgWKcYFb61qGiA==",
            "dev": true,
            "license": "MIT",
            "dependencies": {
                "balanced-match": "^1.0.0",
                "concat-map": "0.0.1"
            }
        },
        "node_modules/cjs-module-lexer": {
            "version": "1.2.3",
            "resolved": "http://localhost:4873/cjs-module-lexer/-/cjs-module-lexer-1.2.3.tgz",
            "integrity": "sha512-0TNiGstbQmCFwt4akjjBg5pLRTSyj/PkWQ1ZoO2zntmg9yLqSRxwEa4iCfQLGjqhiqBfOJa7W/E8wfGrTDmlZQ==",
            "license": "MIT"
        },
        "node_modules/cls-hooked": {
            "version": "4.2.2",
            "resolved": "http://localhost:4873/cls-hooked/-/cls-hooked-4.2.2.tgz",
            "integrity": "sha512-J4Xj5f5wq/4jAvcdgoGsL3G103BtWpZrMo8NEinRltN+xpTZdI+M38pyQqhuFU/P792xkMFvnKSf+Lm81U1bxw==",
            "license": "BSD-2-Clause",
            "dependencies": {
                "async-hook-jl": "^1.7.6",
                "emitter-listener": "^1.0.1",
                "semver": "^5.4.1"
            },
            "engines": {
                "node": "^4.7 || >=6.9 || >=7.3 || >=8.2.1"
            }
        },
        "node_modules/cls-hooked/node_modules/semver": {
            "version": "5.7.2",
            "resolved": "http://localhost:4873/semver/-/semver-5.7.2.tgz",
            "integrity": "sha512-cBznnQ9KjJqU67B52RMC65CMarK2600WFnbkcaiwWq3xy/5haFJlshgnpjovMVJ+Hff49d8GEn0b87C5pDQ10g==",
            "license": "ISC",
            "bin": {
                "semver": "bin/semver"
            }
        },
        "node_modules/combined-stream": {
            "version": "1.0.8",
            "resolved": "http://localhost:4873/combined-stream/-/combined-stream-1.0.8.tgz",
            "integrity": "sha512-FQN4MRfuJeHf7cBbBMJFXhKSDq+2kAArBlmRBvcvFE5BB1HZKXtSFASDhdlz9zOYwxh8lDdnvmMOe/+5cdoEdg==",
            "license": "MIT",
            "dependencies": {
                "delayed-stream": "~1.0.0"
            },
            "engines": {
                "node": ">= 0.8"
            }
        },
        "node_modules/concat-map": {
            "version": "0.0.1",
            "resolved": "http://localhost:4873/concat-map/-/concat-map-0.0.1.tgz",
            "integrity": "sha1-2Klr13/Wjfd5OnMDajug1UBdR3s=",
            "dev": true,
            "license": "MIT"
        },
        "node_modules/continuation-local-storage": {
            "version": "3.2.1",
            "resolved": "http://localhost:4873/continuation-local-storage/-/continuation-local-storage-3.2.1.tgz",
            "integrity": "sha512-jx44cconVqkCEEyLSKWwkvUXwO561jXMa3LPjTPsm5QR22PA0/mhe33FT4Xb5y74JDvt/Cq+5lm8S8rskLv9ZA==",
            "license": "BSD-2-Clause",
            "dependencies": {
                "async-listener": "^0.6.0",
                "emitter-listener": "^1.1.1"
            }
        },
        "node_modules/debug": {
            "version": "4.3.4",
            "resolved": "http://localhost:4873/debug/-/debug-4.3.4.tgz",
            "integrity": "sha512-PRWFHuSU3eDtQJPvnNY7Jcket1j0t5OuOsFzPPzsekD52Zl8qUfFIPEiswXqIvHWGVHOgX+7G/vCNNhehwxfkQ==",
            "license": "MIT",
            "dependencies": {
                "ms": "2.1.2"
            },
            "engines": {
                "node": ">=6.0"
            },
            "peerDependenciesMeta": {
                "supports-color": {
                    "optional": true
                }
            }
        },
        "node_modules/delayed-stream": {
            "version": "1.0.0",
            "resolved": "http://localhost:4873/delayed-stream/-/delayed-stream-1.0.0.tgz",
            "integrity": "sha1-3zrhmayt+31ECqrgsp4icrJOxhk=",
            "license": "MIT",
            "engines": {
                "node": ">=0.4.0"
            }
        },
        "node_modules/diagnostic-channel": {
            "version": "1.1.0",
            "resolved": "http://localhost:4873/diagnostic-channel/-/diagnostic-channel-1.1.0.tgz",
            "integrity": "sha512-fwujyMe1gj6rk6dYi9hMZm0c8Mz8NDMVl2LB4iaYh3+LIAThZC8RKFGXWG0IML2OxAit/ZFRgZhMkhQ3d/bobQ==",
            "license": "MIT",
            "dependencies": {
                "semver": "^5.3.0"
            }
        },
        "node_modules/diagnostic-channel-publishers": {
            "version": "1.0.6",
            "resolved": "http://localhost:4873/diagnostic-channel-publishers/-/diagnostic-channel-publishers-1.0.6.tgz",
            "integrity": "sha512-RE5AP4JmEm/CV06gOyFdgWWm3gMNOoXulod2mq4ysiz9s77ZhHb1P1DGrfePHjNOmgvWglhegmj5q8DNtjRrEg==",
            "license": "MIT",
            "peerDependencies": {
                "diagnostic-channel": "*"
            }
        },
        "node_modules/diagnostic-channel/node_modules/semver": {
            "version": "5.7.2",
            "resolved": "http://localhost:4873/semver/-/semver-5.7.2.tgz",
            "integrity": "sha512-cBznnQ9KjJqU67B52RMC65CMarK2600WFnbkcaiwWq3xy/5haFJlshgnpjovMVJ+Hff49d8GEn0b87C5pDQ10g==",
            "license": "ISC",
            "bin": {
                "semver": "bin/semver"
            }
        },
        "node_modules/emitter-listener": {
            "version": "1.1.2",
            "resolved": "http://localhost:4873/emitter-listener/-/emitter-listener-1.1.2.tgz",
            "integrity": "sha512-Bt1sBAGFHY9DKY+4/2cV6izcKJUf5T7/gkdmkxzX/qv9CcGH8xSwVRW5mtX03SWJtRTWSOpzCuWN9rBFYZepZQ==",
            "license": "BSD-2-Clause",
            "dependencies": {
                "shimmer": "^1.2.0"
            }
        },
        "node_modules/form-data": {
            "version": "4.0.0",
            "resolved": "http://localhost:4873/form-data/-/form-data-4.0.0.tgz",
            "integrity": "sha512-ETEklSGi5t0QMZuiXoA/Q6vcnxcLQP5vdugSpuAyi6SVGi2clPPp+xgEhuMaHC+zGgn31Kd235W35f7Hykkaww==",
            "license": "MIT",
            "dependencies": {
                "asynckit": "^0.4.0",
                "combined-stream": "^1.0.8",
                "mime-types": "^2.1.12"
            },
            "engines": {
                "node": ">= 6"
            }
        },
        "node_modules/fs.realpath": {
            "version": "1.0.0",
            "resolved": "http://localhost:4873/fs.realpath/-/fs.realpath-1.0.0.tgz",
            "integrity": "sha1-FQStJSMVjKpA20onh8sBQRmU6k8=",
            "dev": true,
            "license": "ISC"
        },
        "node_modules/function-bind": {
            "version": "1.1.1",
            "resolved": "http://localhost:4873/function-bind/-/function-bind-1.1.1.tgz",
            "integrity": "sha512-yIovAzMX49sF8Yl58fSCWJ5svSLuaibPxXQJFLmBObTuCr0Mf1KiPopGM9NiFjiYBCbfaa2Fh6breQ6ANVTI0A==",
            "license": "MIT"
        },
        "node_modules/glob": {
            "version": "7.2.3",
            "resolved": "http://localhost:4873/glob/-/glob-7.2.3.tgz",
            "integrity": "sha512-nFR0zLpU2YCaRxwoCJvL6UvCH2JFyFVIvwTLsIf21AuHlMskA1hhTdk+LlYJtOlYt9v6dvszD2BGRqBL+iQK9Q==",
            "dev": true,
            "license": "ISC",
            "dependencies": {
                "fs.realpath": "^1.0.0",
                "inflight": "^1.0.4",
                "inherits": "2",
                "minimatch": "^3.1.1",
                "once": "^1.3.0",
                "path-is-absolute": "^1.0.0"
            },
            "engines": {
                "node": "*"
            },
            "funding": {
                "url": "https://github.com/sponsors/isaacs"
            }
        },
        "node_modules/has": {
            "version": "1.0.3",
            "resolved": "http://localhost:4873/has/-/has-1.0.3.tgz",
            "integrity": "sha512-f2dvO0VU6Oej7RkWJGrehjbzMAjFp5/VKPp5tTpWIV4JHHZK1/BxbFRtf/siA2SWTe09caDmVtYYzWEIbBS4zw==",
            "license": "MIT",
            "dependencies": {
                "function-bind": "^1.1.1"
            },
            "engines": {
                "node": ">= 0.4.0"
            }
        },
        "node_modules/http-proxy-agent": {
            "version": "5.0.0",
            "resolved": "http://localhost:4873/http-proxy-agent/-/http-proxy-agent-5.0.0.tgz",
            "integrity": "sha512-n2hY8YdoRE1i7r6M0w9DIw5GgZN0G25P8zLCRQ8rjXtTU3vsNFBI/vWK/UIeE6g5MUUz6avwAPXmL6Fy9D/90w==",
            "license": "MIT",
            "dependencies": {
                "@tootallnate/once": "2",
                "agent-base": "6",
                "debug": "4"
            },
            "engines": {
                "node": ">= 6"
            }
        },
        "node_modules/https-proxy-agent": {
            "version": "5.0.1",
            "resolved": "http://localhost:4873/https-proxy-agent/-/https-proxy-agent-5.0.1.tgz",
            "integrity": "sha512-dFcAjpTQFgoLMzC2VwU+C/CbS7uRL0lWmxDITmqm7C+7F0Odmj6s9l6alZc6AELXhrnggM2CeWSXHGOdX2YtwA==",
            "license": "MIT",
            "dependencies": {
                "agent-base": "6",
                "debug": "4"
            },
            "engines": {
                "node": ">= 6"
            }
        },
        "node_modules/iconv-lite": {
            "version": "0.6.3",
            "resolved": "http://localhost:4873/iconv-lite/-/iconv-lite-0.6.3.tgz",
            "integrity": "sha512-4fCk79wshMdzMp2rH06qWrJE4iolqLhCUH+OiuIgU++RB0+94NlDL81atO7GX55uUKueo0txHNtvEyI6D7WdMw==",
            "dev": true,
            "license": "MIT",
            "dependencies": {
                "safer-buffer": ">= 2.1.2 < 3.0.0"
            },
            "engines": {
                "node": ">=0.10.0"
            }
        },
        "node_modules/import-in-the-middle": {
            "version": "1.4.2",
            "resolved": "http://localhost:4873/import-in-the-middle/-/import-in-the-middle-1.4.2.tgz",
            "integrity": "sha512-9WOz1Yh/cvO/p69sxRmhyQwrIGGSp7EIdcb+fFNVi7CzQGQB8U1/1XrKVSbEd/GNOAeM0peJtmi7+qphe7NvAw==",
            "license": "Apache-2.0",
            "dependencies": {
                "acorn": "^8.8.2",
                "acorn-import-assertions": "^1.9.0",
                "cjs-module-lexer": "^1.2.2",
                "module-details-from-path": "^1.0.3"
            }
        },
        "node_modules/inflight": {
            "version": "1.0.6",
            "resolved": "http://localhost:4873/inflight/-/inflight-1.0.6.tgz",
            "integrity": "sha1-Sb1jMdfQLQwJvJEKEHW6gWW1bfk=",
            "dev": true,
            "license": "ISC",
            "dependencies": {
                "once": "^1.3.0",
                "wrappy": "1"
            }
        },
        "node_modules/inherits": {
            "version": "2.0.4",
            "resolved": "http://localhost:4873/inherits/-/inherits-2.0.4.tgz",
            "integrity": "sha512-k/vGaX4/Yla3WzyMCvTQOXYeIHvqOKtnqBduzTHpzpQZzAskKMhZ2K+EnBiSM9zGSoIFeMpXKxa4dYeZIQqewQ==",
            "dev": true,
            "license": "ISC"
        },
        "node_modules/is-core-module": {
            "version": "2.13.0",
            "resolved": "http://localhost:4873/is-core-module/-/is-core-module-2.13.0.tgz",
            "integrity": "sha512-Z7dk6Qo8pOCp3l4tsX2C5ZVas4V+UxwQodwZhLopL91TX8UyyHEXafPcyoeeWuLrwzHcr3igO78wNLwHJHsMCQ==",
            "license": "MIT",
            "dependencies": {
                "has": "^1.0.3"
            },
            "funding": {
                "url": "https://github.com/sponsors/ljharb"
            }
        },
        "node_modules/jasmine": {
            "version": "3.99.0",
            "resolved": "http://localhost:4873/jasmine/-/jasmine-3.99.0.tgz",
            "integrity": "sha512-YIThBuHzaIIcjxeuLmPD40SjxkEcc8i//sGMDKCgkRMVgIwRJf5qyExtlJpQeh7pkeoBSOe6lQEdg+/9uKg9mw==",
            "dev": true,
            "license": "MIT",
            "dependencies": {
                "glob": "^7.1.6",
                "jasmine-core": "~3.99.0"
            },
            "bin": {
                "jasmine": "bin/jasmine.js"
            }
        },
        "node_modules/jasmine-core": {
            "version": "3.99.1",
            "resolved": "http://localhost:4873/jasmine-core/-/jasmine-core-3.99.1.tgz",
            "integrity": "sha512-Hu1dmuoGcZ7AfyynN3LsfruwMbxMALMka+YtZeGoLuDEySVmVAPaonkNoBRIw/ectu8b9tVQCJNgp4a4knp+tg==",
            "dev": true,
            "license": "MIT"
        },
        "node_modules/long": {
            "version": "4.0.0",
            "resolved": "http://localhost:4873/long/-/long-4.0.0.tgz",
            "integrity": "sha512-XsP+KhQif4bjX1kbuSiySJFNAehNxgLb6hPRGJ9QsUr8ajHkuXGdrHmFUTUUXhDwVX2R5bY4JNZEwbUiMhV+MA==",
            "dev": true,
            "license": "Apache-2.0"
        },
        "node_modules/lru-cache": {
            "version": "6.0.0",
            "resolved": "http://localhost:4873/lru-cache/-/lru-cache-6.0.0.tgz",
            "integrity": "sha512-Jo6dJ04CmSjuznwJSS3pUeWmd/H0ffTlkXXgwZi+eq1UCmqQwCh+eLsYOYCwY991i2Fah4h1BEMCx4qThGbsiA==",
            "license": "ISC",
            "dependencies": {
                "yallist": "^4.0.0"
            },
            "engines": {
                "node": ">=10"
            }
        },
        "node_modules/mime-db": {
            "version": "1.52.0",
            "resolved": "http://localhost:4873/mime-db/-/mime-db-1.52.0.tgz",
            "integrity": "sha512-sPU4uV7dYlvtWJxwwxHD0PuihVNiE7TyAbQ5SWxDCB9mUYvOgroQOwYQQOKPJ8CIbE+1ETVlOoK1UC2nU3gYvg==",
            "license": "MIT",
            "engines": {
                "node": ">= 0.6"
            }
        },
        "node_modules/mime-types": {
            "version": "2.1.35",
            "resolved": "http://localhost:4873/mime-types/-/mime-types-2.1.35.tgz",
            "integrity": "sha512-ZDY+bPm5zTTF+YpCrAU9nK0UgICYPT0QtT1NZWFv4s++TNkcgVaT0g6+4R2uI4MjQjzysHB1zxuWL50hzaeXiw==",
            "license": "MIT",
            "dependencies": {
                "mime-db": "1.52.0"
            },
            "engines": {
                "node": ">= 0.6"
            }
        },
        "node_modules/minimatch": {
            "version": "3.1.2",
            "resolved": "http://localhost:4873/minimatch/-/minimatch-3.1.2.tgz",
            "integrity": "sha512-J7p63hRiAjw1NDEww1W7i37+ByIrOWO5XQQAzZ3VOcL0PNybwpfmV/N05zFAzwQ9USyEcX6t3UO+K5aqBQOIHw==",
            "dev": true,
            "license": "ISC",
            "dependencies": {
                "brace-expansion": "^1.1.7"
            },
            "engines": {
                "node": "*"
            }
        },
        "node_modules/module-details-from-path": {
            "version": "1.0.3",
            "resolved": "http://localhost:4873/module-details-from-path/-/module-details-from-path-1.0.3.tgz",
            "integrity": "sha512-ySViT69/76t8VhE1xXHK6Ch4NcDd26gx0MzKXLO+F7NOtnqH68d9zF94nT8ZWSxXh8ELOERsnJO/sWt1xZYw5A==",
            "license": "MIT"
        },
        "node_modules/ms": {
            "version": "2.1.2",
            "resolved": "http://localhost:4873/ms/-/ms-2.1.2.tgz",
            "integrity": "sha512-sGkPx+VjMtmA6MX27oA4FBFELFCZZ4S4XqeGOXCv68tT+jb3vk/RyaKWP0PTKyWtmLSM0b+adUTEvbs1PEaH2w==",
            "license": "MIT"
        },
        "node_modules/once": {
            "version": "1.4.0",
            "resolved": "http://localhost:4873/once/-/once-1.4.0.tgz",
            "integrity": "sha1-WDsap3WWHUsROsF9nFC6753Xa9E=",
            "dev": true,
            "license": "ISC",
            "dependencies": {
                "wrappy": "1"
            }
        },
        "node_modules/path-is-absolute": {
            "version": "1.0.1",
            "resolved": "http://localhost:4873/path-is-absolute/-/path-is-absolute-1.0.1.tgz",
            "integrity": "sha1-F0uSaHNVNP+8es5r9TpanhtcX18=",
            "dev": true,
            "license": "MIT",
            "engines": {
                "node": ">=0.10.0"
            }
        },
        "node_modules/path-parse": {
            "version": "1.0.7",
            "resolved": "http://localhost:4873/path-parse/-/path-parse-1.0.7.tgz",
            "integrity": "sha512-LDJzPVEEEPR+y48z93A0Ed0yXb8pAByGWo/k5YYdYgpY2/2EsOsksJrq7lOHxryrVOn1ejG6oAp8ahvOIQD8sw==",
            "license": "MIT"
        },
        "node_modules/require-in-the-middle": {
            "version": "7.2.0",
            "resolved": "http://localhost:4873/require-in-the-middle/-/require-in-the-middle-7.2.0.tgz",
            "integrity": "sha512-3TLx5TGyAY6AOqLBoXmHkNql0HIf2RGbuMgCDT2WO/uGVAPJs6h7Kl+bN6TIZGd9bWhWPwnDnTHGtW8Iu77sdw==",
            "license": "MIT",
            "dependencies": {
                "debug": "^4.1.1",
                "module-details-from-path": "^1.0.3",
                "resolve": "^1.22.1"
            },
            "engines": {
                "node": ">=8.6.0"
            }
        },
        "node_modules/resolve": {
            "version": "1.22.4",
            "resolved": "http://localhost:4873/resolve/-/resolve-1.22.4.tgz",
            "integrity": "sha512-PXNdCiPqDqeUou+w1C2eTQbNfxKSuMxqTCuvlmmMsk1NWHL5fRrhY6Pl0qEYYc6+QqGClco1Qj8XnjPego4wfg==",
            "license": "MIT",
            "dependencies": {
                "is-core-module": "^2.13.0",
                "path-parse": "^1.0.7",
                "supports-preserve-symlinks-flag": "^1.0.0"
            },
            "bin": {
                "resolve": "bin/resolve"
            },
            "funding": {
                "url": "https://github.com/sponsors/ljharb"
            }
        },
        "node_modules/safer-buffer": {
            "version": "2.1.2",
            "resolved": "http://localhost:4873/safer-buffer/-/safer-buffer-2.1.2.tgz",
            "integrity": "sha512-YZo3K82SD7Riyi0E1EQPojLz7kpepnSQI9IyPbHHg1XXXevb5dJI7tpyN2ADxGcQbHG7vcyRHk0cbwqcQriUtg==",
            "dev": true,
            "license": "MIT"
        },
        "node_modules/semver": {
            "version": "7.5.4",
            "resolved": "http://localhost:4873/semver/-/semver-7.5.4.tgz",
            "integrity": "sha512-1bCSESV6Pv+i21Hvpxp3Dx+pSD8lIPt8uVjRrxAUt/nbswYc+tK6Y2btiULjd4+fnq15PX+nqQDC7Oft7WkwcA==",
            "license": "ISC",
            "dependencies": {
                "lru-cache": "^6.0.0"
            },
            "bin": {
                "semver": "bin/semver.js"
            },
            "engines": {
                "node": ">=10"
            }
        },
        "node_modules/shimmer": {
            "version": "1.2.1",
            "resolved": "http://localhost:4873/shimmer/-/shimmer-1.2.1.tgz",
            "integrity": "sha512-sQTKC1Re/rM6XyFM6fIAGHRPVGvyXfgzIDvzoq608vM+jeyVD0Tu1E6Np0Kc2zAIFWIj963V2800iF/9LPieQw==",
            "license": "BSD-2-Clause"
        },
        "node_modules/stack-chain": {
            "version": "1.3.7",
            "resolved": "http://localhost:4873/stack-chain/-/stack-chain-1.3.7.tgz",
            "integrity": "sha1-0ZLJ/06moiyUxN1FkXHj8AzqEoU=",
            "license": "MIT"
        },
        "node_modules/supports-preserve-symlinks-flag": {
            "version": "1.0.0",
            "resolved": "http://localhost:4873/supports-preserve-symlinks-flag/-/supports-preserve-symlinks-flag-1.0.0.tgz",
            "integrity": "sha512-ot0WnXS9fgdkgIcePe6RHNk1WA8+muPa6cSjeR3V8K27q9BB1rTE3R1p7Hv0z1ZyAc8s6Vvv8DIyWf681MAt0w==",
            "license": "MIT",
            "engines": {
                "node": ">= 0.4"
            },
            "funding": {
                "url": "https://github.com/sponsors/ljharb"
            }
        },
        "node_modules/tslib": {
            "version": "2.6.1",
            "resolved": "http://localhost:4873/tslib/-/tslib-2.6.1.tgz",
            "integrity": "sha512-t0hLfiEKfMUoqhG+U1oid7Pva4bbDPHYfJNiB7BiIjRkj1pyC++4N3huJfqY6aRH6VTB0rvtzQwjM4K6qpfOig==",
            "license": "0BSD"
        },
        "node_modules/uuid": {
            "version": "8.3.2",
            "resolved": "http://localhost:4873/uuid/-/uuid-8.3.2.tgz",
            "integrity": "sha512-+NYs2QeMWy+GWFOEm9xnn6HCDp0l7QBD7ml8zLUmJ+93Q5NF0NocErnwkTkXVFNiX3/fpC6afS8Dhb/gz7R7eg==",
            "license": "MIT",
            "bin": {
                "uuid": "dist/bin/uuid"
            }
        },
        "node_modules/wrappy": {
            "version": "1.0.2",
            "resolved": "http://localhost:4873/wrappy/-/wrappy-1.0.2.tgz",
            "integrity": "sha1-tSQ9jz7BqjXxNkYFvA0QNuMKtp8=",
            "dev": true,
            "license": "ISC"
        },
        "node_modules/yallist": {
            "version": "4.0.0",
            "resolved": "http://localhost:4873/yallist/-/yallist-4.0.0.tgz",
            "integrity": "sha512-3wdGidZyq5PB084XLES5TpOSRA3wjXAlIWMhum2kRcv/41Sn2emQ0dycQW4uZXLejwKvg6EsvbdlVL+FYEct7A==",
            "license": "ISC"
        }
    }
}
