{
    "name": "@mcma/azure-client",
    "version": "0.9.1",
    "lockfileVersion": 1,
    "requires": true,
    "dependencies": {
        "@azure/abort-controller": {
            "version": "1.0.1",
            "resolved": "http://localhost:4873/@azure%2fabort-controller/-/abort-controller-1.0.1.tgz",
            "integrity": "sha512-wP2Jw6uPp8DEDy0n4KNidvwzDjyVV2xnycEIq7nPzj1rHyb/r+t3OPeNT1INZePP2wy5ZqlwyuyOMTi0ePyY1A==",
            "requires": {
                "tslib": "^1.9.3"
            }
        },
        "@azure/core-auth": {
            "version": "1.0.2",
            "resolved": "http://localhost:4873/@azure%2fcore-auth/-/core-auth-1.0.2.tgz",
            "integrity": "sha512-zhPJObdrhz2ymIqGL1x8i3meEuaLz0UPjH9mOq9RGOlJB2Pb6K6xPtkHbRsfElgoO9USR4hH2XU5pLa4/JHHIw==",
            "requires": {
                "@azure/abort-controller": "^1.0.0",
                "@azure/core-tracing": "1.0.0-preview.7",
                "@opentelemetry/types": "^0.2.0",
                "tslib": "^1.9.3"
            }
        },
        "@azure/core-http": {
            "version": "1.0.2",
            "resolved": "http://localhost:4873/@azure%2fcore-http/-/core-http-1.0.2.tgz",
            "integrity": "sha512-wjtY0Ks0+/4SEcIiMAvXdYvZZpyYj0rgs4dbd1MfgBlXgvvzpDOsPpcvI6ty5pyPBrjAyqrpyQeFud6hqsAnDQ==",
            "requires": {
                "@azure/abort-controller": "^1.0.0",
                "@azure/core-auth": "^1.0.0",
                "@azure/core-tracing": "1.0.0-preview.7",
                "@azure/logger": "^1.0.0",
                "@opentelemetry/types": "^0.2.0",
                "@types/node-fetch": "^2.5.0",
                "@types/tunnel": "^0.0.1",
                "form-data": "^3.0.0",
                "node-fetch": "^2.6.0",
                "process": "^0.11.10",
                "tough-cookie": "^3.0.1",
                "tslib": "^1.9.3",
                "tunnel": "^0.0.6",
                "uuid": "^3.3.2",
                "xml2js": "^0.4.19"
            }
        },
        "@azure/core-tracing": {
            "version": "1.0.0-preview.7",
            "resolved": "http://localhost:4873/@azure%2fcore-tracing/-/core-tracing-1.0.0-preview.7.tgz",
            "integrity": "sha512-pkFCw6OiJrpR+aH1VQe6DYm3fK2KWCC5Jf3m/Pv1RxF08M1Xm08RCyQ5Qe0YyW5L16yYT2nnV48krVhYZ6SGFA==",
            "requires": {
                "@opencensus/web-types": "0.0.7",
                "@opentelemetry/types": "^0.2.0",
                "tslib": "^1.9.3"
            }
        },
        "@azure/identity": {
            "version": "1.0.2",
            "resolved": "http://localhost:4873/@azure%2fidentity/-/identity-1.0.2.tgz",
            "integrity": "sha512-kGGiRT9pSlo7Op8I9gBtjufUaqe4AqQv+nPWVOmdDBaf3zD0rPa7zHnDT6dHP/oNdBjlxDczf7Ks+s9KdtAmag==",
            "requires": {
                "@azure/core-http": "^1.0.0",
                "@azure/core-tracing": "1.0.0-preview.7",
                "@azure/logger": "^1.0.0",
                "@opentelemetry/types": "^0.2.0",
                "events": "^3.0.0",
                "jws": "^3.2.2",
                "msal": "^1.0.2",
                "qs": "^6.7.0",
                "tslib": "^1.9.3",
                "uuid": "^3.3.2"
            }
        },
        "@azure/logger": {
            "version": "1.0.0",
            "resolved": "http://localhost:4873/@azure%2flogger/-/logger-1.0.0.tgz",
            "integrity": "sha512-g2qLDgvmhyIxR3JVS8N67CyIOeFRKQlX/llxYJQr1OSGQqM3HTpVP8MjmjcEKbL/OIt2N9C9UFaNQuKOw1laOA==",
            "requires": {
                "tslib": "^1.9.3"
            }
        },
        "@azure/msal": {
            "version": "1.2.0",
            "resolved": "http://localhost:4873/@azure%2fmsal/-/msal-1.2.0.tgz",
            "integrity": "sha512-OFTSfDRsaoxQOBBvBW12eFgWRYLsBd3RCYSJYlgt4CpjvE7MSA6ylwzxBvcP94pEQga9601G0V6OV/lqUNZMVg==",
            "requires": {
                "tslib": "^1.9.3"
            }
        },
        "@mcma/client": {
            "version": "0.9.1",
            "resolved": "http://localhost:4873/@mcma%2fclient/-/client-0.9.1.tgz",
            "integrity": "sha512-18J6Sg4a5P7niiC/3SOy1oSaDJxl5Dso1sat3JfIGLZk5aAegxoFl/7x331WX0Vkr6RLkQwjW7fSKgpYnDd+HQ==",
            "dev": true,
            "requires": {
                "axios": "^0.18.0"
            }
        },
        "@mcma/core": {
            "version": "0.9.1",
            "resolved": "http://localhost:4873/@mcma%2fcore/-/core-0.9.1.tgz",
            "integrity": "sha512-/6sJLtlhcddIoghtaQLYjemmertQGEyZD6+6OJ+hRS60Jmh7YRUclObTqcfRaxL6yp74oIcTr2irpTK/FNK12A==",
            "dev": true,
            "requires": {
                "uuid": "^7.0.3"
            },
            "dependencies": {
                "uuid": {
                    "version": "7.0.3",
                    "resolved": "http://localhost:4873/uuid/-/uuid-7.0.3.tgz",
                    "integrity": "sha512-DPSke0pXhTZgoF/d+WSt2QaKMCFSfx7QegxEWT+JOuHF5aWrKEn0G+ztjuJg/gG8/ItK+rbPCD/yNv8yyih6Cg==",
                    "dev": true
                }
            }
        },
        "@mcma/encryption": {
            "version": "0.9.1",
            "resolved": "http://localhost:4873/@mcma%2fencryption/-/encryption-0.9.1.tgz",
            "integrity": "sha512-h/tESkLu8+q/RsXX1OYsBMfe8MGr7ju0C3y7vW1jKGYnBx28Q8xVBC2ZzxX+C8Dklmso+3Q+lf8OAeSFD/fNJQ==",
            "dev": true
        },
        "@opencensus/web-types": {
            "version": "0.0.7",
            "resolved": "http://localhost:4873/@opencensus%2fweb-types/-/web-types-0.0.7.tgz",
            "integrity": "sha512-xB+w7ZDAu3YBzqH44rCmG9/RlrOmFuDPt/bpf17eJr8eZSrLt7nc7LnWdxM9Mmoj/YKMHpxRg28txu3TcpiL+g=="
        },
        "@opentelemetry/types": {
            "version": "0.2.0",
            "resolved": "http://localhost:4873/@opentelemetry%2ftypes/-/types-0.2.0.tgz",
            "integrity": "sha512-GtwNB6BNDdsIPAYEdpp3JnOGO/3AJxjPvny53s3HERBdXSJTGQw8IRhiaTEX0b3w9P8+FwFZde4k+qkjn67aVw=="
        },
        "@types/jsbn": {
            "version": "1.2.29",
            "resolved": "http://localhost:4873/@types%2fjsbn/-/jsbn-1.2.29.tgz",
            "integrity": "sha512-2dVz9LTEGWVj9Ov9zaDnpvqHFV+W4bXtU0EUEGAzWfdRNO3dlUuosdHpENI6/oQW+Kejn0hAjk6P/czs9h/hvg==",
            "dev": true
        },
        "@types/node": {
            "version": "13.7.6",
            "resolved": "http://localhost:4873/@types%2fnode/-/node-13.7.6.tgz",
            "integrity": "sha512-eyK7MWD0R1HqVTp+PtwRgFeIsemzuj4gBFSQxfPHY5iMjS7474e5wq+VFgTcdpyHeNxyKSaetYAjdMLJlKoWqA=="
        },
        "@types/node-fetch": {
            "version": "2.5.4",
            "resolved": "http://localhost:4873/@types%2fnode-fetch/-/node-fetch-2.5.4.tgz",
            "integrity": "sha512-Oz6id++2qAOFuOlE1j0ouk1dzl3mmI1+qINPNBhi9nt/gVOz0G+13Ao6qjhdF0Ys+eOkhu6JnFmt38bR3H0POQ==",
            "requires": {
                "@types/node": "*"
            }
        },
        "@types/tunnel": {
            "version": "0.0.1",
            "resolved": "http://localhost:4873/@types%2ftunnel/-/tunnel-0.0.1.tgz",
            "integrity": "sha512-AOqu6bQu5MSWwYvehMXLukFHnupHrpZ8nvgae5Ggie9UwzDR1CCwoXgSSWNZJuyOlCdfdsWMA5F2LlmvyoTv8A==",
            "requires": {
                "@types/node": "*"
            }
        },
        "asynckit": {
            "version": "0.4.0",
            "resolved": "http://localhost:4873/asynckit/-/asynckit-0.4.0.tgz",
            "integrity": "sha1-x57Zf380y48robyXkLzDZkdLS3k="
        },
        "axios": {
            "version": "0.18.1",
            "resolved": "http://localhost:4873/axios/-/axios-0.18.1.tgz",
            "integrity": "sha512-0BfJq4NSfQXd+SkFdrvFbG7addhYSBA2mQwISr46pD6E5iqkWg02RAs8vyTT/j0RTnoYmeXauBuSv1qKwR179g==",
            "dev": true,
            "requires": {
                "follow-redirects": "1.5.10",
                "is-buffer": "^2.0.2"
            }
        },
        "balanced-match": {
            "version": "1.0.0",
            "resolved": "http://localhost:4873/balanced-match/-/balanced-match-1.0.0.tgz",
            "integrity": "sha1-ibTRmasr7kneFk6gK4nORi1xt2c=",
            "dev": true
        },
        "brace-expansion": {
            "version": "1.1.11",
            "resolved": "http://localhost:4873/brace-expansion/-/brace-expansion-1.1.11.tgz",
            "integrity": "sha512-iCuPHDFgrHX7H2vEI/5xpz07zSHB00TpugqhmYtVmMO6518mCuRMoOYFldEBl0g187ufozdaHgWKcYFb61qGiA==",
            "dev": true,
            "requires": {
                "balanced-match": "^1.0.0",
                "concat-map": "0.0.1"
            }
        },
        "buffer-equal-constant-time": {
            "version": "1.0.1",
            "resolved": "http://localhost:4873/buffer-equal-constant-time/-/buffer-equal-constant-time-1.0.1.tgz",
            "integrity": "sha1-+OcRMvf/5uAaXJaXpMbz5I1cyBk="
        },
        "combined-stream": {
            "version": "1.0.8",
            "resolved": "http://localhost:4873/combined-stream/-/combined-stream-1.0.8.tgz",
            "integrity": "sha512-FQN4MRfuJeHf7cBbBMJFXhKSDq+2kAArBlmRBvcvFE5BB1HZKXtSFASDhdlz9zOYwxh8lDdnvmMOe/+5cdoEdg==",
            "requires": {
                "delayed-stream": "~1.0.0"
            }
        },
        "concat-map": {
            "version": "0.0.1",
            "resolved": "http://localhost:4873/concat-map/-/concat-map-0.0.1.tgz",
            "integrity": "sha1-2Klr13/Wjfd5OnMDajug1UBdR3s=",
            "dev": true
        },
        "debug": {
            "version": "3.1.0",
            "resolved": "http://localhost:4873/debug/-/debug-3.1.0.tgz",
            "integrity": "sha512-OX8XqP7/1a9cqkxYw2yXss15f26NKWBpDXQd0/uK/KPqdQhxbPa994hnzjcE2VqQpDslf55723cKPUOGSmMY3g==",
            "dev": true,
            "requires": {
                "ms": "2.0.0"
            }
        },
        "delayed-stream": {
            "version": "1.0.0",
            "resolved": "http://localhost:4873/delayed-stream/-/delayed-stream-1.0.0.tgz",
            "integrity": "sha1-3zrhmayt+31ECqrgsp4icrJOxhk="
        },
        "ecdsa-sig-formatter": {
            "version": "1.0.11",
            "resolved": "http://localhost:4873/ecdsa-sig-formatter/-/ecdsa-sig-formatter-1.0.11.tgz",
            "integrity": "sha512-nagl3RYrbNv6kQkeJIpt6NJZy8twLB/2vtz6yN9Z4vRKHN4/QZJIEbqohALSgwKdnksuY3k5Addp5lg8sVoVcQ==",
            "requires": {
                "safe-buffer": "^5.0.1"
            }
        },
        "events": {
            "version": "3.0.0",
            "resolved": "http://localhost:4873/events/-/events-3.0.0.tgz",
            "integrity": "sha512-Dc381HFWJzEOhQ+d8pkNon++bk9h6cdAoAj4iE6Q4y6xgTzySWXlKn05/TVNpjnfRqi/X0EpJEJohPjNI3zpVA=="
        },
        "follow-redirects": {
            "version": "1.5.10",
            "resolved": "http://localhost:4873/follow-redirects/-/follow-redirects-1.5.10.tgz",
            "integrity": "sha512-0V5l4Cizzvqt5D44aTXbFZz+FtyXV1vrDN6qrelxtfYQKW0KO0W2T/hkE8xvGa/540LkZlkaUjO4ailYTFtHVQ==",
            "dev": true,
            "requires": {
                "debug": "=3.1.0"
            }
        },
        "form-data": {
            "version": "3.0.0",
            "resolved": "http://localhost:4873/form-data/-/form-data-3.0.0.tgz",
            "integrity": "sha512-CKMFDglpbMi6PyN+brwB9Q/GOw0eAnsrEZDgcsH5Krhz5Od/haKHAX0NmQfha2zPPz0JpWzA7GJHGSnvCRLWsg==",
            "requires": {
                "asynckit": "^0.4.0",
                "combined-stream": "^1.0.8",
                "mime-types": "^2.1.12"
            }
        },
        "fs.realpath": {
            "version": "1.0.0",
            "resolved": "http://localhost:4873/fs.realpath/-/fs.realpath-1.0.0.tgz",
            "integrity": "sha1-FQStJSMVjKpA20onh8sBQRmU6k8=",
            "dev": true
        },
        "glob": {
            "version": "7.1.6",
            "resolved": "http://localhost:4873/glob/-/glob-7.1.6.tgz",
            "integrity": "sha512-LwaxwyZ72Lk7vZINtNNrywX0ZuLyStrdDtabefZKAY5ZGJhVtgdznluResxNmPitE0SAO+O26sWTHeKSI2wMBA==",
            "dev": true,
            "requires": {
                "fs.realpath": "^1.0.0",
                "inflight": "^1.0.4",
                "inherits": "2",
                "minimatch": "^3.0.4",
                "once": "^1.3.0",
                "path-is-absolute": "^1.0.0"
            }
        },
        "inflight": {
            "version": "1.0.6",
            "resolved": "http://localhost:4873/inflight/-/inflight-1.0.6.tgz",
            "integrity": "sha1-Sb1jMdfQLQwJvJEKEHW6gWW1bfk=",
            "dev": true,
            "requires": {
                "once": "^1.3.0",
                "wrappy": "1"
            }
        },
        "inherits": {
            "version": "2.0.4",
            "resolved": "http://localhost:4873/inherits/-/inherits-2.0.4.tgz",
            "integrity": "sha512-k/vGaX4/Yla3WzyMCvTQOXYeIHvqOKtnqBduzTHpzpQZzAskKMhZ2K+EnBiSM9zGSoIFeMpXKxa4dYeZIQqewQ==",
            "dev": true
        },
        "ip-regex": {
            "version": "2.1.0",
            "resolved": "http://localhost:4873/ip-regex/-/ip-regex-2.1.0.tgz",
            "integrity": "sha1-+ni/XS5pE8kRzp+BnuUUa7bYROk="
        },
        "is-buffer": {
            "version": "2.0.4",
            "resolved": "http://localhost:4873/is-buffer/-/is-buffer-2.0.4.tgz",
            "integrity": "sha512-Kq1rokWXOPXWuaMAqZiJW4XxsmD9zGx9q4aePabbn3qCRGedtH7Cm+zV8WETitMfu1wdh+Rvd6w5egwSngUX2A==",
            "dev": true
        },
        "jasmine": {
            "version": "3.5.0",
            "resolved": "http://localhost:4873/jasmine/-/jasmine-3.5.0.tgz",
            "integrity": "sha512-DYypSryORqzsGoMazemIHUfMkXM7I7easFaxAvNM3Mr6Xz3Fy36TupTrAOxZWN8MVKEU5xECv22J4tUQf3uBzQ==",
            "dev": true,
            "requires": {
                "glob": "^7.1.4",
                "jasmine-core": "~3.5.0"
            }
        },
        "jasmine-core": {
            "version": "3.5.0",
            "resolved": "http://localhost:4873/jasmine-core/-/jasmine-core-3.5.0.tgz",
            "integrity": "sha512-nCeAiw37MIMA9w9IXso7bRaLl+c/ef3wnxsoSAlYrzS+Ot0zTG6nU8G/cIfGkqpkjX2wNaIW9RFG0TwIFnG6bA==",
            "dev": true
        },
        "jsbn": {
            "version": "1.1.0",
            "resolved": "http://localhost:4873/jsbn/-/jsbn-1.1.0.tgz",
            "integrity": "sha1-sBMHyym2GKHtJux56RH4A8TaAEA="
        },
        "jwa": {
            "version": "1.4.1",
            "resolved": "http://localhost:4873/jwa/-/jwa-1.4.1.tgz",
            "integrity": "sha512-qiLX/xhEEFKUAJ6FiBMbes3w9ATzyk5W7Hvzpa/SLYdxNtng+gcurvrI7TbACjIXlsJyr05/S1oUhZrc63evQA==",
            "requires": {
                "buffer-equal-constant-time": "1.0.1",
                "ecdsa-sig-formatter": "1.0.11",
                "safe-buffer": "^5.0.1"
            }
        },
        "jws": {
            "version": "3.2.2",
            "resolved": "http://localhost:4873/jws/-/jws-3.2.2.tgz",
            "integrity": "sha512-YHlZCB6lMTllWDtSPHz/ZXTsi8S00usEV6v1tjq8tOUZzw7DpSDWVXjXDre6ed1w/pd495ODpHZYSdkRTsa0HA==",
            "requires": {
                "jwa": "^1.4.1",
                "safe-buffer": "^5.0.1"
            }
        },
        "mime-db": {
            "version": "1.42.0",
            "resolved": "http://localhost:4873/mime-db/-/mime-db-1.42.0.tgz",
            "integrity": "sha512-UbfJCR4UAVRNgMpfImz05smAXK7+c+ZntjaA26ANtkXLlOe947Aag5zdIcKQULAiF9Cq4WxBi9jUs5zkA84bYQ=="
        },
        "mime-types": {
            "version": "2.1.25",
            "resolved": "http://localhost:4873/mime-types/-/mime-types-2.1.25.tgz",
            "integrity": "sha512-5KhStqB5xpTAeGqKBAMgwaYMnQik7teQN4IAzC7npDv6kzeU6prfkR67bc87J1kWMPGkoaZSq1npmexMgkmEVg==",
            "requires": {
                "mime-db": "1.42.0"
            }
        },
        "minimatch": {
            "version": "3.0.4",
            "resolved": "http://localhost:4873/minimatch/-/minimatch-3.0.4.tgz",
            "integrity": "sha512-yJHVQEhyqPLUTgt9B83PXu6W3rx4MvvHvSUvToogpwoGDOUQ+yDrR0HRot+yOCdCO7u4hX3pWft6kWBBcqh0UA==",
            "dev": true,
            "requires": {
                "brace-expansion": "^1.1.7"
            }
        },
        "ms": {
            "version": "2.0.0",
            "resolved": "http://localhost:4873/ms/-/ms-2.0.0.tgz",
            "integrity": "sha1-VgiurfwAvmwpAd9fmGF4jeDVl8g=",
            "dev": true
        },
        "msal": {
            "version": "1.2.0",
            "resolved": "http://localhost:4873/msal/-/msal-1.2.0.tgz",
            "integrity": "sha512-Z74fTT8G1s1YKcqup6PTQ4Y4z0zh5n7fdK+RXZ47+yLH4/z1Y5LualkRuHr6C7vi74l0daNZn2nj159AV5mhOQ==",
            "requires": {
                "tslib": "^1.9.3"
            }
        },
        "node-fetch": {
            "version": "2.6.0",
            "resolved": "http://localhost:4873/node-fetch/-/node-fetch-2.6.0.tgz",
            "integrity": "sha512-8dG4H5ujfvFiqDmVu9fQ5bOHUC15JMjMY/Zumv26oOvvVJjM67KF8koCWIabKQ1GJIa9r2mMZscBq/TbdOcmNA=="
        },
        "once": {
            "version": "1.4.0",
            "resolved": "http://localhost:4873/once/-/once-1.4.0.tgz",
            "integrity": "sha1-WDsap3WWHUsROsF9nFC6753Xa9E=",
            "dev": true,
            "requires": {
                "wrappy": "1"
            }
        },
        "path-is-absolute": {
            "version": "1.0.1",
            "resolved": "http://localhost:4873/path-is-absolute/-/path-is-absolute-1.0.1.tgz",
            "integrity": "sha1-F0uSaHNVNP+8es5r9TpanhtcX18=",
            "dev": true
        },
        "process": {
            "version": "0.11.10",
            "resolved": "http://localhost:4873/process/-/process-0.11.10.tgz",
            "integrity": "sha1-czIwDoQBYb2j5podHZGn1LwW8YI="
        },
        "psl": {
            "version": "1.6.0",
            "resolved": "http://localhost:4873/psl/-/psl-1.6.0.tgz",
            "integrity": "sha512-SYKKmVel98NCOYXpkwUqZqh0ahZeeKfmisiLIcEZdsb+WbLv02g/dI5BUmZnIyOe7RzZtLax81nnb2HbvC2tzA=="
        },
        "punycode": {
            "version": "2.1.1",
            "resolved": "http://localhost:4873/punycode/-/punycode-2.1.1.tgz",
            "integrity": "sha512-XRsRjdf+j5ml+y/6GKHPZbrF/8p2Yga0JPtdqTIY2Xe5ohJPD9saDJJLPvp9+NSBprVvevdXZybnj2cv8OEd0A=="
        },
        "qs": {
            "version": "6.9.1",
            "resolved": "http://localhost:4873/qs/-/qs-6.9.1.tgz",
            "integrity": "sha512-Cxm7/SS/y/Z3MHWSxXb8lIFqgqBowP5JMlTUFyJN88y0SGQhVmZnqFK/PeuMX9LzUyWsqqhNxIyg0jlzq946yA=="
        },
        "safe-buffer": {
            "version": "5.2.0",
            "resolved": "http://localhost:4873/safe-buffer/-/safe-buffer-5.2.0.tgz",
            "integrity": "sha512-fZEwUGbVl7kouZs1jCdMLdt95hdIv0ZeHg6L7qPeciMZhZ+/gdesW4wgTARkrFWEpspjEATAzUGPG8N2jJiwbg=="
        },
        "sax": {
            "version": "1.2.4",
            "resolved": "http://localhost:4873/sax/-/sax-1.2.4.tgz",
            "integrity": "sha512-NqVDv9TpANUjFm0N8uM5GxL36UgKi9/atZw+x7YFnQ8ckwFGKrl4xX4yWtrey3UJm5nP1kUbnYgLopqWNSRhWw=="
        },
        "tough-cookie": {
            "version": "3.0.1",
            "resolved": "http://localhost:4873/tough-cookie/-/tough-cookie-3.0.1.tgz",
            "integrity": "sha512-yQyJ0u4pZsv9D4clxO69OEjLWYw+jbgspjTue4lTQZLfV0c5l1VmK2y1JK8E9ahdpltPOaAThPcp5nKPUgSnsg==",
            "requires": {
                "ip-regex": "^2.1.0",
                "psl": "^1.1.28",
                "punycode": "^2.1.1"
            }
        },
        "tslib": {
            "version": "1.10.0",
            "resolved": "http://localhost:4873/tslib/-/tslib-1.10.0.tgz",
            "integrity": "sha512-qOebF53frne81cf0S9B41ByenJ3/IuH8yJKngAX35CmiZySA0khhkovshKK+jGCaMnVomla7gVlIcc3EvKPbTQ=="
        },
        "tunnel": {
            "version": "0.0.6",
            "resolved": "http://localhost:4873/tunnel/-/tunnel-0.0.6.tgz",
            "integrity": "sha512-1h/Lnq9yajKY2PEbBadPXj3VxsDDu844OnaAo52UVmIzIvwwtBPIuNvkjuzBlTWpfJyUbG3ez0KSBibQkj4ojg=="
        },
        "uuid": {
            "version": "3.3.3",
            "resolved": "http://localhost:4873/uuid/-/uuid-3.3.3.tgz",
            "integrity": "sha512-pW0No1RGHgzlpHJO1nsVrHKpOEIxkGg1xB+v0ZmdNH5OAeAwzAVrCnI2/6Mtx+Uys6iaylxa+D3g4j63IKKjSQ=="
        },
        "wrappy": {
            "version": "1.0.2",
            "resolved": "http://localhost:4873/wrappy/-/wrappy-1.0.2.tgz",
            "integrity": "sha1-tSQ9jz7BqjXxNkYFvA0QNuMKtp8=",
            "dev": true
        },
        "xml2js": {
            "version": "0.4.23",
            "resolved": "http://localhost:4873/xml2js/-/xml2js-0.4.23.tgz",
            "integrity": "sha512-ySPiMjM0+pLDftHgXY4By0uswI3SPKLDw/i3UXbnO8M/p28zqexCUoPmQFrYD+/1BzhGJSs2i1ERWKJAtiLrug==",
            "requires": {
                "sax": ">=0.6.0",
                "xmlbuilder": "~11.0.0"
            }
        },
        "xmlbuilder": {
            "version": "11.0.1",
            "resolved": "http://localhost:4873/xmlbuilder/-/xmlbuilder-11.0.1.tgz",
            "integrity": "sha512-fDlsI/kFEx7gLvbecc0/ohLG50fugQp8ryHzMTuW9vSa1GJ0XYWKnhsUx7oie3G98+r56aTQIUB4kht42R3JvA=="
        }
    }
}
